// !$*UTF8*$!
{
	archiveVersion = 1;
	classes = {
	};
	objectVersion = 55;
	objects = {

/* Begin PBXBuildFile section */
		2B1729C627E4B84B00DD130D /* GFLoadingView.swift in Sources */ = {isa = PBXBuildFile; fileRef = 2B1729C527E4B84B00DD130D /* GFLoadingView.swift */; };
		2B1729C927E4C0B500DD130D /* ProfileViewController.swift in Sources */ = {isa = PBXBuildFile; fileRef = 2B1729C827E4C0B500DD130D /* ProfileViewController.swift */; };
		2B1729CB27E4C0DC00DD130D /* ProfileViewModel.swift in Sources */ = {isa = PBXBuildFile; fileRef = 2B1729CA27E4C0DC00DD130D /* ProfileViewModel.swift */; };
		2B1729CD27E4F3CB00DD130D /* GFErrorView.swift in Sources */ = {isa = PBXBuildFile; fileRef = 2B1729CC27E4F3CB00DD130D /* GFErrorView.swift */; };
		2B283A9527F3361D003EDC53 /* UINavigationController+presentGFAlert.swift in Sources */ = {isa = PBXBuildFile; fileRef = 2B283A9427F3361D003EDC53 /* UINavigationController+presentGFAlert.swift */; };
		2B283A9927F34396003EDC53 /* NotificationCenter.swift in Sources */ = {isa = PBXBuildFile; fileRef = 2B283A9827F34396003EDC53 /* NotificationCenter.swift */; };
		2B283A9B27F35335003EDC53 /* FollowersFlux.swift in Sources */ = {isa = PBXBuildFile; fileRef = 2B283A9A27F35335003EDC53 /* FollowersFlux.swift */; };
		2B283A9E27F35658003EDC53 /* AlertFlux.swift in Sources */ = {isa = PBXBuildFile; fileRef = 2B283A9D27F35658003EDC53 /* AlertFlux.swift */; };
		2B4A3FFA27E8A57A00A36D5D /* GFStats.swift in Sources */ = {isa = PBXBuildFile; fileRef = 2B4A3FF927E8A57A00A36D5D /* GFStats.swift */; };
		2B4A3FFC27E8B2EC00A36D5D /* Int+Format.swift in Sources */ = {isa = PBXBuildFile; fileRef = 2B4A3FFB27E8B2EC00A36D5D /* Int+Format.swift */; };
		2B4A3FFE27E8BF2100A36D5D /* Repository.swift in Sources */ = {isa = PBXBuildFile; fileRef = 2B4A3FFD27E8BF2100A36D5D /* Repository.swift */; };
		2B4A400427E8C3A200A36D5D /* RepositoryCellViewModel.swift in Sources */ = {isa = PBXBuildFile; fileRef = 2B4A400327E8C3A200A36D5D /* RepositoryCellViewModel.swift */; };
		2B4A400627E8C4FC00A36D5D /* RepositoryCell.swift in Sources */ = {isa = PBXBuildFile; fileRef = 2B4A400527E8C4FC00A36D5D /* RepositoryCell.swift */; };
		2B4A400827E8F25D00A36D5D /* GFCardDetail.swift in Sources */ = {isa = PBXBuildFile; fileRef = 2B4A400727E8F25D00A36D5D /* GFCardDetail.swift */; };
		2B4A400A27E8F7AC00A36D5D /* GFDetails.swift in Sources */ = {isa = PBXBuildFile; fileRef = 2B4A400927E8F7AC00A36D5D /* GFDetails.swift */; };
		2B4A400C27E9194100A36D5D /* ProfileCoordinator.swift in Sources */ = {isa = PBXBuildFile; fileRef = 2B4A400B27E9194100A36D5D /* ProfileCoordinator.swift */; };
		2B51916927ECBDDA00F993E2 /* Date+format.swift in Sources */ = {isa = PBXBuildFile; fileRef = 2B51916827ECBDDA00F993E2 /* Date+format.swift */; };
		2B51916D27ECD5D600F993E2 /* LanguageColor.swift in Sources */ = {isa = PBXBuildFile; fileRef = 2B51916C27ECD5D600F993E2 /* LanguageColor.swift */; };
		2B51916F27ECE51400F993E2 /* UIColor+hex.swift in Sources */ = {isa = PBXBuildFile; fileRef = 2B51916E27ECE51400F993E2 /* UIColor+hex.swift */; };
		2B75E9AE27E9EE9F00E3935F /* RepositoriesViewController.swift in Sources */ = {isa = PBXBuildFile; fileRef = 2B75E9AD27E9EE9F00E3935F /* RepositoriesViewController.swift */; };
		2B75E9B027E9EF1D00E3935F /* RepositoriesViewModel.swift in Sources */ = {isa = PBXBuildFile; fileRef = 2B75E9AF27E9EF1D00E3935F /* RepositoriesViewModel.swift */; };
		2B75E9B227E9F37200E3935F /* RepositoriesView.swift in Sources */ = {isa = PBXBuildFile; fileRef = 2B75E9B127E9F37200E3935F /* RepositoriesView.swift */; };
		2B75E9C227EA56FF00E3935F /* ProfileViewModelTests.swift in Sources */ = {isa = PBXBuildFile; fileRef = 2B75E9C127EA56FF00E3935F /* ProfileViewModelTests.swift */; };
		2B75E9C427EA578C00E3935F /* ProfileCoordinatorSpy.swift in Sources */ = {isa = PBXBuildFile; fileRef = 2B75E9C327EA578C00E3935F /* ProfileCoordinatorSpy.swift */; };
		2B75E9C627EA5CE600E3935F /* String+dateFromString.swift in Sources */ = {isa = PBXBuildFile; fileRef = 2B75E9C527EA5CE600E3935F /* String+dateFromString.swift */; };
		2B75E9CA27EA619D00E3935F /* RepositoriesViewModelTests.swift in Sources */ = {isa = PBXBuildFile; fileRef = 2B75E9C927EA619D00E3935F /* RepositoriesViewModelTests.swift */; };
		2BA1242027E383C7006B39CF /* GFTextField.swift in Sources */ = {isa = PBXBuildFile; fileRef = 2BA1241F27E383C7006B39CF /* GFTextField.swift */; };
		2BA1242327E39701006B39CF /* Follower.swift in Sources */ = {isa = PBXBuildFile; fileRef = 2BA1242227E39701006B39CF /* Follower.swift */; };
		2BA1242627E39860006B39CF /* Requester.swift in Sources */ = {isa = PBXBuildFile; fileRef = 2BA1242527E39860006B39CF /* Requester.swift */; };
		2BA1242827E3A1E9006B39CF /* Observable.swift in Sources */ = {isa = PBXBuildFile; fileRef = 2BA1242727E3A1E9006B39CF /* Observable.swift */; };
		2BA1242B27E3AB2C006B39CF /* URLProvider.swift in Sources */ = {isa = PBXBuildFile; fileRef = 2BA1242A27E3AB2C006B39CF /* URLProvider.swift */; };
		2BA1242D27E3AC02006B39CF /* RequesterSupport.swift in Sources */ = {isa = PBXBuildFile; fileRef = 2BA1242C27E3AC02006B39CF /* RequesterSupport.swift */; };
		2BA1243327E3B0A7006B39CF /* FollowerViewModel.swift in Sources */ = {isa = PBXBuildFile; fileRef = 2BA1243227E3B0A7006B39CF /* FollowerViewModel.swift */; };
		2BA1243527E3B241006B39CF /* FollowerCell.swift in Sources */ = {isa = PBXBuildFile; fileRef = 2BA1243427E3B241006B39CF /* FollowerCell.swift */; };
		2BA1243827E3B42C006B39CF /* Identifier.swift in Sources */ = {isa = PBXBuildFile; fileRef = 2BA1243727E3B42C006B39CF /* Identifier.swift */; };
		2BA1243A27E3C5A2006B39CF /* UIImageView+loadImage.swift in Sources */ = {isa = PBXBuildFile; fileRef = 2BA1243927E3C5A2006B39CF /* UIImageView+loadImage.swift */; };
		2BA1243C27E3CBEE006B39CF /* CellSize.swift in Sources */ = {isa = PBXBuildFile; fileRef = 2BA1243B27E3CBEE006B39CF /* CellSize.swift */; };
		2BADD7E827F1F7AE009A5D00 /* FollowerViewModelTests.swift in Sources */ = {isa = PBXBuildFile; fileRef = 2BADD7E727F1F7AE009A5D00 /* FollowerViewModelTests.swift */; };
		2BADD7EA27F1F876009A5D00 /* RepositoryCellViewModelTests.swift in Sources */ = {isa = PBXBuildFile; fileRef = 2BADD7E927F1F876009A5D00 /* RepositoryCellViewModelTests.swift */; };
		2BADD7ED27F1FA9B009A5D00 /* EnterUserNameVCTests.swift in Sources */ = {isa = PBXBuildFile; fileRef = 2BADD7EC27F1FA9B009A5D00 /* EnterUserNameVCTests.swift */; };
		2BADD7EF27F1FD26009A5D00 /* EnterUsernameViewModelSpy.swift in Sources */ = {isa = PBXBuildFile; fileRef = 2BADD7EE27F1FD26009A5D00 /* EnterUsernameViewModelSpy.swift */; };
		2BADD7F227F21AF8009A5D00 /* GitHubFollowers.xcdatamodeld in Sources */ = {isa = PBXBuildFile; fileRef = 2BADD7F027F21AF8009A5D00 /* GitHubFollowers.xcdatamodeld */; };
		2BADD80227F21E47009A5D00 /* Favorite+CoreDataClass.swift in Sources */ = {isa = PBXBuildFile; fileRef = 2BADD80027F21E47009A5D00 /* Favorite+CoreDataClass.swift */; };
		2BADD80727F22027009A5D00 /* CoreDataManager.swift in Sources */ = {isa = PBXBuildFile; fileRef = 2BADD80627F22027009A5D00 /* CoreDataManager.swift */; };
		2BADD80927F22112009A5D00 /* FavoriteManager.swift in Sources */ = {isa = PBXBuildFile; fileRef = 2BADD80827F22112009A5D00 /* FavoriteManager.swift */; };
		2BADD80B27F227BF009A5D00 /* CoreDataSupport.swift in Sources */ = {isa = PBXBuildFile; fileRef = 2BADD80A27F227BF009A5D00 /* CoreDataSupport.swift */; };
		2BADD80D27F22891009A5D00 /* FavoritesListViewModel.swift in Sources */ = {isa = PBXBuildFile; fileRef = 2BADD80C27F22891009A5D00 /* FavoritesListViewModel.swift */; };
		2BADD80F27F22C2E009A5D00 /* FavoritesListView.swift in Sources */ = {isa = PBXBuildFile; fileRef = 2BADD80E27F22C2E009A5D00 /* FavoritesListView.swift */; };
		2BADD81227F235ED009A5D00 /* FavoriteCell.swift in Sources */ = {isa = PBXBuildFile; fileRef = 2BADD81127F235ED009A5D00 /* FavoriteCell.swift */; };
		2BADD81427F237F2009A5D00 /* FavoriteViewModel.swift in Sources */ = {isa = PBXBuildFile; fileRef = 2BADD81327F237F2009A5D00 /* FavoriteViewModel.swift */; };
		2BB2310127E25960001A5FF4 /* AppDelegate.swift in Sources */ = {isa = PBXBuildFile; fileRef = 2BB2310027E25960001A5FF4 /* AppDelegate.swift */; };
		2BB2310A27E25962001A5FF4 /* Assets.xcassets in Resources */ = {isa = PBXBuildFile; fileRef = 2BB2310927E25962001A5FF4 /* Assets.xcassets */; };
		2BB2310D27E25962001A5FF4 /* LaunchScreen.storyboard in Resources */ = {isa = PBXBuildFile; fileRef = 2BB2310B27E25962001A5FF4 /* LaunchScreen.storyboard */; };
		2BB2311827E25962001A5FF4 /* GitHubFollowersTests.swift in Sources */ = {isa = PBXBuildFile; fileRef = 2BB2311727E25962001A5FF4 /* GitHubFollowersTests.swift */; };
		2BB2312227E25962001A5FF4 /* GitHubFollowersUITests.swift in Sources */ = {isa = PBXBuildFile; fileRef = 2BB2312127E25962001A5FF4 /* GitHubFollowersUITests.swift */; };
		2BB2312427E25962001A5FF4 /* GitHubFollowersUITestsLaunchTests.swift in Sources */ = {isa = PBXBuildFile; fileRef = 2BB2312327E25962001A5FF4 /* GitHubFollowersUITestsLaunchTests.swift */; };
		2BB2313227E25A03001A5FF4 /* Coordinator.swift in Sources */ = {isa = PBXBuildFile; fileRef = 2BB2313127E25A03001A5FF4 /* Coordinator.swift */; };
		2BB2313427E25CEB001A5FF4 /* MainTabBarController.swift in Sources */ = {isa = PBXBuildFile; fileRef = 2BB2313327E25CEB001A5FF4 /* MainTabBarController.swift */; };
		2BB2313627E25E3D001A5FF4 /* SearchCoordinator.swift in Sources */ = {isa = PBXBuildFile; fileRef = 2BB2313527E25E3D001A5FF4 /* SearchCoordinator.swift */; };
		2BB2313B27E2609D001A5FF4 /* FavoritesCoordinator.swift in Sources */ = {isa = PBXBuildFile; fileRef = 2BB2313A27E2609D001A5FF4 /* FavoritesCoordinator.swift */; };
		2BB2313D27E2613D001A5FF4 /* FavoritesListViewController.swift in Sources */ = {isa = PBXBuildFile; fileRef = 2BB2313C27E2613D001A5FF4 /* FavoritesListViewController.swift */; };
		2BB2314527E26367001A5FF4 /* EnterUsernameViewController.swift in Sources */ = {isa = PBXBuildFile; fileRef = 2BB2314427E26367001A5FF4 /* EnterUsernameViewController.swift */; };
		2BB2314827E2653B001A5FF4 /* BaseViewController.swift in Sources */ = {isa = PBXBuildFile; fileRef = 2BB2314727E2653B001A5FF4 /* BaseViewController.swift */; };
		2BB2314A27E26583001A5FF4 /* ViewCode.swift in Sources */ = {isa = PBXBuildFile; fileRef = 2BB2314927E26583001A5FF4 /* ViewCode.swift */; };
		2BB2314D27E26664001A5FF4 /* EnterUsernameView.swift in Sources */ = {isa = PBXBuildFile; fileRef = 2BB2314C27E26664001A5FF4 /* EnterUsernameView.swift */; };
		2BB2315327E27A38001A5FF4 /* Localizable.strings in Resources */ = {isa = PBXBuildFile; fileRef = 2BB2315527E27A38001A5FF4 /* Localizable.strings */; };
		2BB2315827E27AEA001A5FF4 /* Alias.swift in Sources */ = {isa = PBXBuildFile; fileRef = 2BB2315727E27AEA001A5FF4 /* Alias.swift */; };
		2BB2315A27E27C08001A5FF4 /* FollowersListViewController.swift in Sources */ = {isa = PBXBuildFile; fileRef = 2BB2315927E27C08001A5FF4 /* FollowersListViewController.swift */; };
		2BB2315D27E27C2E001A5FF4 /* EnterUsernameViewModel.swift in Sources */ = {isa = PBXBuildFile; fileRef = 2BB2315C27E27C2E001A5FF4 /* EnterUsernameViewModel.swift */; };
		2BB2316027E283BC001A5FF4 /* FollowersListView.swift in Sources */ = {isa = PBXBuildFile; fileRef = 2BB2315F27E283BC001A5FF4 /* FollowersListView.swift */; };
		2BB2316327E28588001A5FF4 /* FollowersListViewModel.swift in Sources */ = {isa = PBXBuildFile; fileRef = 2BB2316227E28588001A5FF4 /* FollowersListViewModel.swift */; };
		2BC23B5C27EB5D8100E5F6FD /* SettingsCoordinator.swift in Sources */ = {isa = PBXBuildFile; fileRef = 2BC23B5B27EB5D8100E5F6FD /* SettingsCoordinator.swift */; };
		2BC23B5E27EB5DC300E5F6FD /* SettingsViewController.swift in Sources */ = {isa = PBXBuildFile; fileRef = 2BC23B5D27EB5DC300E5F6FD /* SettingsViewController.swift */; };
		2BC23B6027EB60AD00E5F6FD /* Setting.swift in Sources */ = {isa = PBXBuildFile; fileRef = 2BC23B5F27EB60AD00E5F6FD /* Setting.swift */; };
		2BC23B6527EB624900E5F6FD /* GFSelectionTableViewCell.swift in Sources */ = {isa = PBXBuildFile; fileRef = 2BC23B6427EB624900E5F6FD /* GFSelectionTableViewCell.swift */; };
		2BC23B6927EB638500E5F6FD /* GFSwitchTableViewCell.swift in Sources */ = {isa = PBXBuildFile; fileRef = 2BC23B6827EB638500E5F6FD /* GFSwitchTableViewCell.swift */; };
		2BC23B6D27EB698200E5F6FD /* SettingsView.swift in Sources */ = {isa = PBXBuildFile; fileRef = 2BC23B6C27EB698200E5F6FD /* SettingsView.swift */; };
		2BC23B6F27EB6A5900E5F6FD /* SettingsViewModel.swift in Sources */ = {isa = PBXBuildFile; fileRef = 2BC23B6E27EB6A5900E5F6FD /* SettingsViewModel.swift */; };
		2BC23B7327EB9EBF00E5F6FD /* UserInterfaceStyleManager.swift in Sources */ = {isa = PBXBuildFile; fileRef = 2BC23B7227EB9EBF00E5F6FD /* UserInterfaceStyleManager.swift */; };
		2BD1F9D727E3615B004EE9BF /* GFAlertVC.swift in Sources */ = {isa = PBXBuildFile; fileRef = 2BD1F9D627E3615B004EE9BF /* GFAlertVC.swift */; };
		2BD1F9E027E36AC5004EE9BF /* R.generated.swift in Sources */ = {isa = PBXBuildFile; fileRef = 2BD1F9DF27E36AC5004EE9BF /* R.generated.swift */; };
		2BD1F9E427E36EC2004EE9BF /* GFAlertView.swift in Sources */ = {isa = PBXBuildFile; fileRef = 2BD1F9E327E36EC2004EE9BF /* GFAlertView.swift */; };
		2BD1F9E827E36F00004EE9BF /* Alert.swift in Sources */ = {isa = PBXBuildFile; fileRef = 2BD1F9E727E36F00004EE9BF /* Alert.swift */; };
		2BD1F9EA27E36F3F004EE9BF /* GFAlertVM.swift in Sources */ = {isa = PBXBuildFile; fileRef = 2BD1F9E927E36F3F004EE9BF /* GFAlertVM.swift */; };
		2BD1F9EE27E3734D004EE9BF /* GFButton.swift in Sources */ = {isa = PBXBuildFile; fileRef = 2BD1F9ED27E3734D004EE9BF /* GFButton.swift */; };
		2BDB3EA127E5015C00341FCC /* RequesterStub.swift in Sources */ = {isa = PBXBuildFile; fileRef = 2BDB3EA027E5015C00341FCC /* RequesterStub.swift */; };
		2BDB3EA327E5026800341FCC /* SearchCoordinatorSpy.swift in Sources */ = {isa = PBXBuildFile; fileRef = 2BDB3EA227E5026800341FCC /* SearchCoordinatorSpy.swift */; };
		2BDB3EA527E5033200341FCC /* EnterUsernameViewModelTests.swift in Sources */ = {isa = PBXBuildFile; fileRef = 2BDB3EA427E5033200341FCC /* EnterUsernameViewModelTests.swift */; };
		2BDB3EA727E5064B00341FCC /* FollowersListViewModelTests.swift in Sources */ = {isa = PBXBuildFile; fileRef = 2BDB3EA627E5064B00341FCC /* FollowersListViewModelTests.swift */; };
		2BDB3EA927E50CC200341FCC /* User.swift in Sources */ = {isa = PBXBuildFile; fileRef = 2BDB3EA827E50CC200341FCC /* User.swift */; };
		2BDB3EAB27E5102500341FCC /* ProfileView.swift in Sources */ = {isa = PBXBuildFile; fileRef = 2BDB3EAA27E5102500341FCC /* ProfileView.swift */; };
		2BE6DBA427EE40C20004EB93 /* SystemImage.swift in Sources */ = {isa = PBXBuildFile; fileRef = 2BE6DBA327EE40C20004EB93 /* SystemImage.swift */; };
		2BFA71D827EC91A800568BBE /* WeakStyleObserver.swift in Sources */ = {isa = PBXBuildFile; fileRef = 2BFA71D727EC91A800568BBE /* WeakStyleObserver.swift */; };
		2BFA71DA27EC93DB00568BBE /* UserInterfaceStyleObserver.swift in Sources */ = {isa = PBXBuildFile; fileRef = 2BFA71D927EC93DB00568BBE /* UserInterfaceStyleObserver.swift */; };
		7BB68E3CF283A1492AC45DF0 /* Pods_GitHubFollowers.framework in Frameworks */ = {isa = PBXBuildFile; fileRef = E70DA411645E97AEE157B77B /* Pods_GitHubFollowers.framework */; };
		ABC995E279E14DEDCA015E21 /* Pods_GitHubFollowersTests.framework in Frameworks */ = {isa = PBXBuildFile; fileRef = 6461623E94EE4531A7D3107A /* Pods_GitHubFollowersTests.framework */; };
		EA90FECE3F460085A50BC2A7 /* Pods_GitHubFollowers_GitHubFollowersUITests.framework in Frameworks */ = {isa = PBXBuildFile; fileRef = 15597E33E6D5445BC6F75D2E /* Pods_GitHubFollowers_GitHubFollowersUITests.framework */; };
/* End PBXBuildFile section */

/* Begin PBXContainerItemProxy section */
		2BB2311427E25962001A5FF4 /* PBXContainerItemProxy */ = {
			isa = PBXContainerItemProxy;
			containerPortal = 2BB230F527E25960001A5FF4 /* Project object */;
			proxyType = 1;
			remoteGlobalIDString = 2BB230FC27E25960001A5FF4;
			remoteInfo = GitHubFollowers;
		};
		2BB2311E27E25962001A5FF4 /* PBXContainerItemProxy */ = {
			isa = PBXContainerItemProxy;
			containerPortal = 2BB230F527E25960001A5FF4 /* Project object */;
			proxyType = 1;
			remoteGlobalIDString = 2BB230FC27E25960001A5FF4;
			remoteInfo = GitHubFollowers;
		};
/* End PBXContainerItemProxy section */

/* Begin PBXFileReference section */
		15597E33E6D5445BC6F75D2E /* Pods_GitHubFollowers_GitHubFollowersUITests.framework */ = {isa = PBXFileReference; explicitFileType = wrapper.framework; includeInIndex = 0; path = Pods_GitHubFollowers_GitHubFollowersUITests.framework; sourceTree = BUILT_PRODUCTS_DIR; };
		1B34CC55BB3854E0D3C5C123 /* Pods-GitHubFollowers-GitHubFollowersUITests.release.xcconfig */ = {isa = PBXFileReference; includeInIndex = 1; lastKnownFileType = text.xcconfig; name = "Pods-GitHubFollowers-GitHubFollowersUITests.release.xcconfig"; path = "Target Support Files/Pods-GitHubFollowers-GitHubFollowersUITests/Pods-GitHubFollowers-GitHubFollowersUITests.release.xcconfig"; sourceTree = "<group>"; };
		2B1729C527E4B84B00DD130D /* GFLoadingView.swift */ = {isa = PBXFileReference; lastKnownFileType = sourcecode.swift; path = GFLoadingView.swift; sourceTree = "<group>"; };
		2B1729C827E4C0B500DD130D /* ProfileViewController.swift */ = {isa = PBXFileReference; lastKnownFileType = sourcecode.swift; path = ProfileViewController.swift; sourceTree = "<group>"; };
		2B1729CA27E4C0DC00DD130D /* ProfileViewModel.swift */ = {isa = PBXFileReference; lastKnownFileType = sourcecode.swift; path = ProfileViewModel.swift; sourceTree = "<group>"; };
		2B1729CC27E4F3CB00DD130D /* GFErrorView.swift */ = {isa = PBXFileReference; lastKnownFileType = sourcecode.swift; path = GFErrorView.swift; sourceTree = "<group>"; };
		2B283A9427F3361D003EDC53 /* UINavigationController+presentGFAlert.swift */ = {isa = PBXFileReference; lastKnownFileType = sourcecode.swift; path = "UINavigationController+presentGFAlert.swift"; sourceTree = "<group>"; };
		2B283A9827F34396003EDC53 /* NotificationCenter.swift */ = {isa = PBXFileReference; lastKnownFileType = sourcecode.swift; path = NotificationCenter.swift; sourceTree = "<group>"; };
		2B283A9A27F35335003EDC53 /* FollowersFlux.swift */ = {isa = PBXFileReference; lastKnownFileType = sourcecode.swift; path = FollowersFlux.swift; sourceTree = "<group>"; };
		2B283A9D27F35658003EDC53 /* AlertFlux.swift */ = {isa = PBXFileReference; lastKnownFileType = sourcecode.swift; path = AlertFlux.swift; sourceTree = "<group>"; };
		2B4A3FF927E8A57A00A36D5D /* GFStats.swift */ = {isa = PBXFileReference; lastKnownFileType = sourcecode.swift; path = GFStats.swift; sourceTree = "<group>"; };
		2B4A3FFB27E8B2EC00A36D5D /* Int+Format.swift */ = {isa = PBXFileReference; lastKnownFileType = sourcecode.swift; path = "Int+Format.swift"; sourceTree = "<group>"; };
		2B4A3FFD27E8BF2100A36D5D /* Repository.swift */ = {isa = PBXFileReference; lastKnownFileType = sourcecode.swift; path = Repository.swift; sourceTree = "<group>"; };
		2B4A400327E8C3A200A36D5D /* RepositoryCellViewModel.swift */ = {isa = PBXFileReference; lastKnownFileType = sourcecode.swift; path = RepositoryCellViewModel.swift; sourceTree = "<group>"; };
		2B4A400527E8C4FC00A36D5D /* RepositoryCell.swift */ = {isa = PBXFileReference; lastKnownFileType = sourcecode.swift; path = RepositoryCell.swift; sourceTree = "<group>"; };
		2B4A400727E8F25D00A36D5D /* GFCardDetail.swift */ = {isa = PBXFileReference; lastKnownFileType = sourcecode.swift; path = GFCardDetail.swift; sourceTree = "<group>"; };
		2B4A400927E8F7AC00A36D5D /* GFDetails.swift */ = {isa = PBXFileReference; lastKnownFileType = sourcecode.swift; path = GFDetails.swift; sourceTree = "<group>"; };
		2B4A400B27E9194100A36D5D /* ProfileCoordinator.swift */ = {isa = PBXFileReference; lastKnownFileType = sourcecode.swift; path = ProfileCoordinator.swift; sourceTree = "<group>"; };
		2B51916827ECBDDA00F993E2 /* Date+format.swift */ = {isa = PBXFileReference; lastKnownFileType = sourcecode.swift; path = "Date+format.swift"; sourceTree = "<group>"; };
		2B51916C27ECD5D600F993E2 /* LanguageColor.swift */ = {isa = PBXFileReference; lastKnownFileType = sourcecode.swift; path = LanguageColor.swift; sourceTree = "<group>"; };
		2B51916E27ECE51400F993E2 /* UIColor+hex.swift */ = {isa = PBXFileReference; lastKnownFileType = sourcecode.swift; path = "UIColor+hex.swift"; sourceTree = "<group>"; };
		2B75E9AD27E9EE9F00E3935F /* RepositoriesViewController.swift */ = {isa = PBXFileReference; lastKnownFileType = sourcecode.swift; path = RepositoriesViewController.swift; sourceTree = "<group>"; };
		2B75E9AF27E9EF1D00E3935F /* RepositoriesViewModel.swift */ = {isa = PBXFileReference; lastKnownFileType = sourcecode.swift; path = RepositoriesViewModel.swift; sourceTree = "<group>"; };
		2B75E9B127E9F37200E3935F /* RepositoriesView.swift */ = {isa = PBXFileReference; lastKnownFileType = sourcecode.swift; path = RepositoriesView.swift; sourceTree = "<group>"; };
		2B75E9C127EA56FF00E3935F /* ProfileViewModelTests.swift */ = {isa = PBXFileReference; lastKnownFileType = sourcecode.swift; path = ProfileViewModelTests.swift; sourceTree = "<group>"; };
		2B75E9C327EA578C00E3935F /* ProfileCoordinatorSpy.swift */ = {isa = PBXFileReference; lastKnownFileType = sourcecode.swift; path = ProfileCoordinatorSpy.swift; sourceTree = "<group>"; };
		2B75E9C527EA5CE600E3935F /* String+dateFromString.swift */ = {isa = PBXFileReference; lastKnownFileType = sourcecode.swift; path = "String+dateFromString.swift"; sourceTree = "<group>"; };
		2B75E9C927EA619D00E3935F /* RepositoriesViewModelTests.swift */ = {isa = PBXFileReference; lastKnownFileType = sourcecode.swift; path = RepositoriesViewModelTests.swift; sourceTree = "<group>"; };
		2BA1241F27E383C7006B39CF /* GFTextField.swift */ = {isa = PBXFileReference; lastKnownFileType = sourcecode.swift; path = GFTextField.swift; sourceTree = "<group>"; };
		2BA1242227E39701006B39CF /* Follower.swift */ = {isa = PBXFileReference; lastKnownFileType = sourcecode.swift; path = Follower.swift; sourceTree = "<group>"; };
		2BA1242527E39860006B39CF /* Requester.swift */ = {isa = PBXFileReference; lastKnownFileType = sourcecode.swift; path = Requester.swift; sourceTree = "<group>"; };
		2BA1242727E3A1E9006B39CF /* Observable.swift */ = {isa = PBXFileReference; lastKnownFileType = sourcecode.swift; path = Observable.swift; sourceTree = "<group>"; };
		2BA1242A27E3AB2C006B39CF /* URLProvider.swift */ = {isa = PBXFileReference; lastKnownFileType = sourcecode.swift; path = URLProvider.swift; sourceTree = "<group>"; };
		2BA1242C27E3AC02006B39CF /* RequesterSupport.swift */ = {isa = PBXFileReference; lastKnownFileType = sourcecode.swift; path = RequesterSupport.swift; sourceTree = "<group>"; };
		2BA1243227E3B0A7006B39CF /* FollowerViewModel.swift */ = {isa = PBXFileReference; lastKnownFileType = sourcecode.swift; path = FollowerViewModel.swift; sourceTree = "<group>"; };
		2BA1243427E3B241006B39CF /* FollowerCell.swift */ = {isa = PBXFileReference; lastKnownFileType = sourcecode.swift; path = FollowerCell.swift; sourceTree = "<group>"; };
		2BA1243727E3B42C006B39CF /* Identifier.swift */ = {isa = PBXFileReference; lastKnownFileType = sourcecode.swift; path = Identifier.swift; sourceTree = "<group>"; };
		2BA1243927E3C5A2006B39CF /* UIImageView+loadImage.swift */ = {isa = PBXFileReference; lastKnownFileType = sourcecode.swift; path = "UIImageView+loadImage.swift"; sourceTree = "<group>"; };
		2BA1243B27E3CBEE006B39CF /* CellSize.swift */ = {isa = PBXFileReference; lastKnownFileType = sourcecode.swift; path = CellSize.swift; sourceTree = "<group>"; };
		2BADD7E727F1F7AE009A5D00 /* FollowerViewModelTests.swift */ = {isa = PBXFileReference; lastKnownFileType = sourcecode.swift; path = FollowerViewModelTests.swift; sourceTree = "<group>"; };
		2BADD7E927F1F876009A5D00 /* RepositoryCellViewModelTests.swift */ = {isa = PBXFileReference; lastKnownFileType = sourcecode.swift; path = RepositoryCellViewModelTests.swift; sourceTree = "<group>"; };
		2BADD7EC27F1FA9B009A5D00 /* EnterUserNameVCTests.swift */ = {isa = PBXFileReference; lastKnownFileType = sourcecode.swift; path = EnterUserNameVCTests.swift; sourceTree = "<group>"; };
		2BADD7EE27F1FD26009A5D00 /* EnterUsernameViewModelSpy.swift */ = {isa = PBXFileReference; lastKnownFileType = sourcecode.swift; path = EnterUsernameViewModelSpy.swift; sourceTree = "<group>"; };
		2BADD7F127F21AF8009A5D00 /* GitHubFollowers.xcdatamodel */ = {isa = PBXFileReference; lastKnownFileType = wrapper.xcdatamodel; path = GitHubFollowers.xcdatamodel; sourceTree = "<group>"; };
		2BADD80027F21E47009A5D00 /* Favorite+CoreDataClass.swift */ = {isa = PBXFileReference; lastKnownFileType = sourcecode.swift; path = "Favorite+CoreDataClass.swift"; sourceTree = "<group>"; };
		2BADD80627F22027009A5D00 /* CoreDataManager.swift */ = {isa = PBXFileReference; lastKnownFileType = sourcecode.swift; path = CoreDataManager.swift; sourceTree = "<group>"; };
		2BADD80827F22112009A5D00 /* FavoriteManager.swift */ = {isa = PBXFileReference; lastKnownFileType = sourcecode.swift; path = FavoriteManager.swift; sourceTree = "<group>"; };
		2BADD80A27F227BF009A5D00 /* CoreDataSupport.swift */ = {isa = PBXFileReference; lastKnownFileType = sourcecode.swift; path = CoreDataSupport.swift; sourceTree = "<group>"; };
		2BADD80C27F22891009A5D00 /* FavoritesListViewModel.swift */ = {isa = PBXFileReference; lastKnownFileType = sourcecode.swift; path = FavoritesListViewModel.swift; sourceTree = "<group>"; };
		2BADD80E27F22C2E009A5D00 /* FavoritesListView.swift */ = {isa = PBXFileReference; lastKnownFileType = sourcecode.swift; path = FavoritesListView.swift; sourceTree = "<group>"; };
		2BADD81127F235ED009A5D00 /* FavoriteCell.swift */ = {isa = PBXFileReference; lastKnownFileType = sourcecode.swift; path = FavoriteCell.swift; sourceTree = "<group>"; };
		2BADD81327F237F2009A5D00 /* FavoriteViewModel.swift */ = {isa = PBXFileReference; lastKnownFileType = sourcecode.swift; path = FavoriteViewModel.swift; sourceTree = "<group>"; };
		2BB230FD27E25960001A5FF4 /* GitHubFollowers.app */ = {isa = PBXFileReference; explicitFileType = wrapper.application; includeInIndex = 0; path = GitHubFollowers.app; sourceTree = BUILT_PRODUCTS_DIR; };
		2BB2310027E25960001A5FF4 /* AppDelegate.swift */ = {isa = PBXFileReference; lastKnownFileType = sourcecode.swift; path = AppDelegate.swift; sourceTree = "<group>"; };
		2BB2310927E25962001A5FF4 /* Assets.xcassets */ = {isa = PBXFileReference; lastKnownFileType = folder.assetcatalog; path = Assets.xcassets; sourceTree = "<group>"; };
		2BB2310C27E25962001A5FF4 /* Base */ = {isa = PBXFileReference; lastKnownFileType = file.storyboard; name = Base; path = Base.lproj/LaunchScreen.storyboard; sourceTree = "<group>"; };
		2BB2310E27E25962001A5FF4 /* Info.plist */ = {isa = PBXFileReference; lastKnownFileType = text.plist.xml; path = Info.plist; sourceTree = "<group>"; };
		2BB2311327E25962001A5FF4 /* GitHubFollowersTests.xctest */ = {isa = PBXFileReference; explicitFileType = wrapper.cfbundle; includeInIndex = 0; path = GitHubFollowersTests.xctest; sourceTree = BUILT_PRODUCTS_DIR; };
		2BB2311727E25962001A5FF4 /* GitHubFollowersTests.swift */ = {isa = PBXFileReference; lastKnownFileType = sourcecode.swift; path = GitHubFollowersTests.swift; sourceTree = "<group>"; };
		2BB2311D27E25962001A5FF4 /* GitHubFollowersUITests.xctest */ = {isa = PBXFileReference; explicitFileType = wrapper.cfbundle; includeInIndex = 0; path = GitHubFollowersUITests.xctest; sourceTree = BUILT_PRODUCTS_DIR; };
		2BB2312127E25962001A5FF4 /* GitHubFollowersUITests.swift */ = {isa = PBXFileReference; lastKnownFileType = sourcecode.swift; path = GitHubFollowersUITests.swift; sourceTree = "<group>"; };
		2BB2312327E25962001A5FF4 /* GitHubFollowersUITestsLaunchTests.swift */ = {isa = PBXFileReference; lastKnownFileType = sourcecode.swift; path = GitHubFollowersUITestsLaunchTests.swift; sourceTree = "<group>"; };
		2BB2313127E25A03001A5FF4 /* Coordinator.swift */ = {isa = PBXFileReference; lastKnownFileType = sourcecode.swift; path = Coordinator.swift; sourceTree = "<group>"; };
		2BB2313327E25CEB001A5FF4 /* MainTabBarController.swift */ = {isa = PBXFileReference; lastKnownFileType = sourcecode.swift; path = MainTabBarController.swift; sourceTree = "<group>"; };
		2BB2313527E25E3D001A5FF4 /* SearchCoordinator.swift */ = {isa = PBXFileReference; lastKnownFileType = sourcecode.swift; path = SearchCoordinator.swift; sourceTree = "<group>"; };
		2BB2313A27E2609D001A5FF4 /* FavoritesCoordinator.swift */ = {isa = PBXFileReference; lastKnownFileType = sourcecode.swift; path = FavoritesCoordinator.swift; sourceTree = "<group>"; };
		2BB2313C27E2613D001A5FF4 /* FavoritesListViewController.swift */ = {isa = PBXFileReference; lastKnownFileType = sourcecode.swift; path = FavoritesListViewController.swift; sourceTree = "<group>"; };
		2BB2314427E26367001A5FF4 /* EnterUsernameViewController.swift */ = {isa = PBXFileReference; lastKnownFileType = sourcecode.swift; path = EnterUsernameViewController.swift; sourceTree = "<group>"; };
		2BB2314727E2653B001A5FF4 /* BaseViewController.swift */ = {isa = PBXFileReference; lastKnownFileType = sourcecode.swift; path = BaseViewController.swift; sourceTree = "<group>"; };
		2BB2314927E26583001A5FF4 /* ViewCode.swift */ = {isa = PBXFileReference; lastKnownFileType = sourcecode.swift; path = ViewCode.swift; sourceTree = "<group>"; };
		2BB2314C27E26664001A5FF4 /* EnterUsernameView.swift */ = {isa = PBXFileReference; lastKnownFileType = sourcecode.swift; path = EnterUsernameView.swift; sourceTree = "<group>"; };
		2BB2315427E27A38001A5FF4 /* en */ = {isa = PBXFileReference; lastKnownFileType = text.plist.strings; name = en; path = en.lproj/Localizable.strings; sourceTree = "<group>"; };
		2BB2315627E27A58001A5FF4 /* pt-BR */ = {isa = PBXFileReference; lastKnownFileType = text.plist.strings; name = "pt-BR"; path = "pt-BR.lproj/Localizable.strings"; sourceTree = "<group>"; };
		2BB2315727E27AEA001A5FF4 /* Alias.swift */ = {isa = PBXFileReference; lastKnownFileType = sourcecode.swift; path = Alias.swift; sourceTree = "<group>"; };
		2BB2315927E27C08001A5FF4 /* FollowersListViewController.swift */ = {isa = PBXFileReference; lastKnownFileType = sourcecode.swift; path = FollowersListViewController.swift; sourceTree = "<group>"; };
		2BB2315C27E27C2E001A5FF4 /* EnterUsernameViewModel.swift */ = {isa = PBXFileReference; lastKnownFileType = sourcecode.swift; path = EnterUsernameViewModel.swift; sourceTree = "<group>"; };
		2BB2315F27E283BC001A5FF4 /* FollowersListView.swift */ = {isa = PBXFileReference; lastKnownFileType = sourcecode.swift; path = FollowersListView.swift; sourceTree = "<group>"; };
		2BB2316227E28588001A5FF4 /* FollowersListViewModel.swift */ = {isa = PBXFileReference; lastKnownFileType = sourcecode.swift; path = FollowersListViewModel.swift; sourceTree = "<group>"; };
		2BC23B5B27EB5D8100E5F6FD /* SettingsCoordinator.swift */ = {isa = PBXFileReference; lastKnownFileType = sourcecode.swift; path = SettingsCoordinator.swift; sourceTree = "<group>"; };
		2BC23B5D27EB5DC300E5F6FD /* SettingsViewController.swift */ = {isa = PBXFileReference; lastKnownFileType = sourcecode.swift; path = SettingsViewController.swift; sourceTree = "<group>"; };
		2BC23B5F27EB60AD00E5F6FD /* Setting.swift */ = {isa = PBXFileReference; lastKnownFileType = sourcecode.swift; path = Setting.swift; sourceTree = "<group>"; };
		2BC23B6427EB624900E5F6FD /* GFSelectionTableViewCell.swift */ = {isa = PBXFileReference; lastKnownFileType = sourcecode.swift; path = GFSelectionTableViewCell.swift; sourceTree = "<group>"; };
		2BC23B6827EB638500E5F6FD /* GFSwitchTableViewCell.swift */ = {isa = PBXFileReference; lastKnownFileType = sourcecode.swift; path = GFSwitchTableViewCell.swift; sourceTree = "<group>"; };
		2BC23B6C27EB698200E5F6FD /* SettingsView.swift */ = {isa = PBXFileReference; lastKnownFileType = sourcecode.swift; path = SettingsView.swift; sourceTree = "<group>"; };
		2BC23B6E27EB6A5900E5F6FD /* SettingsViewModel.swift */ = {isa = PBXFileReference; lastKnownFileType = sourcecode.swift; path = SettingsViewModel.swift; sourceTree = "<group>"; };
		2BC23B7227EB9EBF00E5F6FD /* UserInterfaceStyleManager.swift */ = {isa = PBXFileReference; lastKnownFileType = sourcecode.swift; path = UserInterfaceStyleManager.swift; sourceTree = "<group>"; };
		2BD1F9D627E3615B004EE9BF /* GFAlertVC.swift */ = {isa = PBXFileReference; lastKnownFileType = sourcecode.swift; path = GFAlertVC.swift; sourceTree = "<group>"; };
		2BD1F9DF27E36AC5004EE9BF /* R.generated.swift */ = {isa = PBXFileReference; fileEncoding = 4; lastKnownFileType = sourcecode.swift; path = R.generated.swift; sourceTree = SOURCE_ROOT; };
		2BD1F9E327E36EC2004EE9BF /* GFAlertView.swift */ = {isa = PBXFileReference; lastKnownFileType = sourcecode.swift; path = GFAlertView.swift; sourceTree = "<group>"; };
		2BD1F9E727E36F00004EE9BF /* Alert.swift */ = {isa = PBXFileReference; lastKnownFileType = sourcecode.swift; path = Alert.swift; sourceTree = "<group>"; };
		2BD1F9E927E36F3F004EE9BF /* GFAlertVM.swift */ = {isa = PBXFileReference; lastKnownFileType = sourcecode.swift; path = GFAlertVM.swift; sourceTree = "<group>"; };
		2BD1F9ED27E3734D004EE9BF /* GFButton.swift */ = {isa = PBXFileReference; lastKnownFileType = sourcecode.swift; path = GFButton.swift; sourceTree = "<group>"; };
		2BDB3EA027E5015C00341FCC /* RequesterStub.swift */ = {isa = PBXFileReference; lastKnownFileType = sourcecode.swift; path = RequesterStub.swift; sourceTree = "<group>"; };
		2BDB3EA227E5026800341FCC /* SearchCoordinatorSpy.swift */ = {isa = PBXFileReference; lastKnownFileType = sourcecode.swift; path = SearchCoordinatorSpy.swift; sourceTree = "<group>"; };
		2BDB3EA427E5033200341FCC /* EnterUsernameViewModelTests.swift */ = {isa = PBXFileReference; lastKnownFileType = sourcecode.swift; path = EnterUsernameViewModelTests.swift; sourceTree = "<group>"; };
		2BDB3EA627E5064B00341FCC /* FollowersListViewModelTests.swift */ = {isa = PBXFileReference; lastKnownFileType = sourcecode.swift; path = FollowersListViewModelTests.swift; sourceTree = "<group>"; };
		2BDB3EA827E50CC200341FCC /* User.swift */ = {isa = PBXFileReference; lastKnownFileType = sourcecode.swift; path = User.swift; sourceTree = "<group>"; };
		2BDB3EAA27E5102500341FCC /* ProfileView.swift */ = {isa = PBXFileReference; lastKnownFileType = sourcecode.swift; path = ProfileView.swift; sourceTree = "<group>"; };
		2BE6DBA327EE40C20004EB93 /* SystemImage.swift */ = {isa = PBXFileReference; lastKnownFileType = sourcecode.swift; path = SystemImage.swift; sourceTree = "<group>"; };
		2BFA71D727EC91A800568BBE /* WeakStyleObserver.swift */ = {isa = PBXFileReference; lastKnownFileType = sourcecode.swift; path = WeakStyleObserver.swift; sourceTree = "<group>"; };
		2BFA71D927EC93DB00568BBE /* UserInterfaceStyleObserver.swift */ = {isa = PBXFileReference; lastKnownFileType = sourcecode.swift; path = UserInterfaceStyleObserver.swift; sourceTree = "<group>"; };
		3D097092B5B937C066CA5B4C /* Pods-GitHubFollowers.debug.xcconfig */ = {isa = PBXFileReference; includeInIndex = 1; lastKnownFileType = text.xcconfig; name = "Pods-GitHubFollowers.debug.xcconfig"; path = "Target Support Files/Pods-GitHubFollowers/Pods-GitHubFollowers.debug.xcconfig"; sourceTree = "<group>"; };
		6461623E94EE4531A7D3107A /* Pods_GitHubFollowersTests.framework */ = {isa = PBXFileReference; explicitFileType = wrapper.framework; includeInIndex = 0; path = Pods_GitHubFollowersTests.framework; sourceTree = BUILT_PRODUCTS_DIR; };
		74D1FBD4244EEB6592548AA6 /* Pods-GitHubFollowers.release.xcconfig */ = {isa = PBXFileReference; includeInIndex = 1; lastKnownFileType = text.xcconfig; name = "Pods-GitHubFollowers.release.xcconfig"; path = "Target Support Files/Pods-GitHubFollowers/Pods-GitHubFollowers.release.xcconfig"; sourceTree = "<group>"; };
		9DE6AAA46B6ED8D9F398F81D /* Pods-GitHubFollowersTests.debug.xcconfig */ = {isa = PBXFileReference; includeInIndex = 1; lastKnownFileType = text.xcconfig; name = "Pods-GitHubFollowersTests.debug.xcconfig"; path = "Target Support Files/Pods-GitHubFollowersTests/Pods-GitHubFollowersTests.debug.xcconfig"; sourceTree = "<group>"; };
		ABC9B08331F0876EDF8F85F0 /* Pods-GitHubFollowersTests.release.xcconfig */ = {isa = PBXFileReference; includeInIndex = 1; lastKnownFileType = text.xcconfig; name = "Pods-GitHubFollowersTests.release.xcconfig"; path = "Target Support Files/Pods-GitHubFollowersTests/Pods-GitHubFollowersTests.release.xcconfig"; sourceTree = "<group>"; };
		AD23FB6655D072B931268508 /* Pods-GitHubFollowers-GitHubFollowersUITests.debug.xcconfig */ = {isa = PBXFileReference; includeInIndex = 1; lastKnownFileType = text.xcconfig; name = "Pods-GitHubFollowers-GitHubFollowersUITests.debug.xcconfig"; path = "Target Support Files/Pods-GitHubFollowers-GitHubFollowersUITests/Pods-GitHubFollowers-GitHubFollowersUITests.debug.xcconfig"; sourceTree = "<group>"; };
		E70DA411645E97AEE157B77B /* Pods_GitHubFollowers.framework */ = {isa = PBXFileReference; explicitFileType = wrapper.framework; includeInIndex = 0; path = Pods_GitHubFollowers.framework; sourceTree = BUILT_PRODUCTS_DIR; };
/* End PBXFileReference section */

/* Begin PBXFrameworksBuildPhase section */
		2BB230FA27E25960001A5FF4 /* Frameworks */ = {
			isa = PBXFrameworksBuildPhase;
			buildActionMask = 2147483647;
			files = (
				7BB68E3CF283A1492AC45DF0 /* Pods_GitHubFollowers.framework in Frameworks */,
			);
			runOnlyForDeploymentPostprocessing = 0;
		};
		2BB2311027E25962001A5FF4 /* Frameworks */ = {
			isa = PBXFrameworksBuildPhase;
			buildActionMask = 2147483647;
			files = (
				ABC995E279E14DEDCA015E21 /* Pods_GitHubFollowersTests.framework in Frameworks */,
			);
			runOnlyForDeploymentPostprocessing = 0;
		};
		2BB2311A27E25962001A5FF4 /* Frameworks */ = {
			isa = PBXFrameworksBuildPhase;
			buildActionMask = 2147483647;
			files = (
				EA90FECE3F460085A50BC2A7 /* Pods_GitHubFollowers_GitHubFollowersUITests.framework in Frameworks */,
			);
			runOnlyForDeploymentPostprocessing = 0;
		};
/* End PBXFrameworksBuildPhase section */

/* Begin PBXGroup section */
		2B1729C727E4C08200DD130D /* Profile */ = {
			isa = PBXGroup;
			children = (
				2B4A400B27E9194100A36D5D /* ProfileCoordinator.swift */,
				2B75E9AC27E9EE8900E3935F /* Repositories */,
				2B75E9AB27E9EE7900E3935F /* UserDetails */,
			);
			path = Profile;
			sourceTree = "<group>";
		};
		2B283A9C27F35563003EDC53 /* Common */ = {
			isa = PBXGroup;
			children = (
				2BB2314127E262FB001A5FF4 /* FollowersList */,
			);
			path = Common;
			sourceTree = "<group>";
		};
		2B4A3FFF27E8C36D00A36D5D /* Model */ = {
			isa = PBXGroup;
			children = (
				2BDB3EA827E50CC200341FCC /* User.swift */,
			);
			path = Model;
			sourceTree = "<group>";
		};
		2B4A400027E8C37100A36D5D /* ViewModel */ = {
			isa = PBXGroup;
			children = (
				2B1729CA27E4C0DC00DD130D /* ProfileViewModel.swift */,
			);
			path = ViewModel;
			sourceTree = "<group>";
		};
		2B4A400127E8C37700A36D5D /* View */ = {
			isa = PBXGroup;
			children = (
				2BDB3EAA27E5102500341FCC /* ProfileView.swift */,
				2B1729C827E4C0B500DD130D /* ProfileViewController.swift */,
			);
			path = View;
			sourceTree = "<group>";
		};
		2B4A400227E8C38F00A36D5D /* RepositoryCell */ = {
			isa = PBXGroup;
			children = (
				2B4A400327E8C3A200A36D5D /* RepositoryCellViewModel.swift */,
				2B4A400527E8C4FC00A36D5D /* RepositoryCell.swift */,
			);
			path = RepositoryCell;
			sourceTree = "<group>";
		};
		2B75E9AB27E9EE7900E3935F /* UserDetails */ = {
			isa = PBXGroup;
			children = (
				2B4A400127E8C37700A36D5D /* View */,
				2B4A400027E8C37100A36D5D /* ViewModel */,
				2B4A3FFF27E8C36D00A36D5D /* Model */,
			);
			path = UserDetails;
			sourceTree = "<group>";
		};
		2B75E9AC27E9EE8900E3935F /* Repositories */ = {
			isa = PBXGroup;
			children = (
				2BE6DBA027EE20F50004EB93 /* Cells */,
				2B75E9B427EA04E500E3935F /* View */,
				2B75E9B327EA04DF00E3935F /* ViewModel */,
				2B75E9B527EA04EB00E3935F /* Model */,
			);
			path = Repositories;
			sourceTree = "<group>";
		};
		2B75E9B327EA04DF00E3935F /* ViewModel */ = {
			isa = PBXGroup;
			children = (
				2B75E9AF27E9EF1D00E3935F /* RepositoriesViewModel.swift */,
			);
			path = ViewModel;
			sourceTree = "<group>";
		};
		2B75E9B427EA04E500E3935F /* View */ = {
			isa = PBXGroup;
			children = (
				2B75E9B127E9F37200E3935F /* RepositoriesView.swift */,
				2B75E9AD27E9EE9F00E3935F /* RepositoriesViewController.swift */,
			);
			path = View;
			sourceTree = "<group>";
		};
		2B75E9B527EA04EB00E3935F /* Model */ = {
			isa = PBXGroup;
			children = (
				2B4A3FFD27E8BF2100A36D5D /* Repository.swift */,
				2B51916C27ECD5D600F993E2 /* LanguageColor.swift */,
			);
			path = Model;
			sourceTree = "<group>";
		};
		2BA1242127E396EE006B39CF /* Model */ = {
			isa = PBXGroup;
			children = (
				2BA1242227E39701006B39CF /* Follower.swift */,
			);
			path = Model;
			sourceTree = "<group>";
		};
		2BA1242427E3982F006B39CF /* Services */ = {
			isa = PBXGroup;
			children = (
				2BADD80527F22013009A5D00 /* CoreData */,
				2BADD80427F21FF5009A5D00 /* Requester */,
			);
			path = Services;
			sourceTree = "<group>";
		};
		2BA1242927E3A2B1006B39CF /* Helpers */ = {
			isa = PBXGroup;
			children = (
				2BB2313127E25A03001A5FF4 /* Coordinator.swift */,
				2BA1243727E3B42C006B39CF /* Identifier.swift */,
				2BA1242727E3A1E9006B39CF /* Observable.swift */,
				2BB2314927E26583001A5FF4 /* ViewCode.swift */,
				2BB2314727E2653B001A5FF4 /* BaseViewController.swift */,
				2BE6DBA327EE40C20004EB93 /* SystemImage.swift */,
				2B283A9A27F35335003EDC53 /* FollowersFlux.swift */,
				2B283A9D27F35658003EDC53 /* AlertFlux.swift */,
			);
			path = Helpers;
			sourceTree = "<group>";
		};
		2BA1242E27E3B068006B39CF /* Cells */ = {
			isa = PBXGroup;
			children = (
				2BC23B6827EB638500E5F6FD /* GFSwitchTableViewCell.swift */,
				2BC23B6427EB624900E5F6FD /* GFSelectionTableViewCell.swift */,
			);
			path = Cells;
			sourceTree = "<group>";
		};
		2BA1242F27E3B06E006B39CF /* Buttons */ = {
			isa = PBXGroup;
			children = (
				2BD1F9ED27E3734D004EE9BF /* GFButton.swift */,
			);
			path = Buttons;
			sourceTree = "<group>";
		};
		2BA1243027E3B075006B39CF /* TextFields */ = {
			isa = PBXGroup;
			children = (
				2BA1241F27E383C7006B39CF /* GFTextField.swift */,
			);
			path = TextFields;
			sourceTree = "<group>";
		};
		2BA1243127E3B08A006B39CF /* FollowerCell */ = {
			isa = PBXGroup;
			children = (
				2BA1243227E3B0A7006B39CF /* FollowerViewModel.swift */,
				2BA1243427E3B241006B39CF /* FollowerCell.swift */,
			);
			path = FollowerCell;
			sourceTree = "<group>";
		};
		2BA1243627E3B417006B39CF /* Extensions */ = {
			isa = PBXGroup;
			children = (
				2B4A3FFB27E8B2EC00A36D5D /* Int+Format.swift */,
				2B75E9C527EA5CE600E3935F /* String+dateFromString.swift */,
				2B51916827ECBDDA00F993E2 /* Date+format.swift */,
				2B51916E27ECE51400F993E2 /* UIColor+hex.swift */,
				2BA1243927E3C5A2006B39CF /* UIImageView+loadImage.swift */,
				2B283A9427F3361D003EDC53 /* UINavigationController+presentGFAlert.swift */,
				2B283A9827F34396003EDC53 /* NotificationCenter.swift */,
			);
			path = Extensions;
			sourceTree = "<group>";
		};
		2BADD7E627F1F788009A5D00 /* ViewModel */ = {
			isa = PBXGroup;
			children = (
				2BDB3EA427E5033200341FCC /* EnterUsernameViewModelTests.swift */,
				2BDB3EA627E5064B00341FCC /* FollowersListViewModelTests.swift */,
				2B75E9C127EA56FF00E3935F /* ProfileViewModelTests.swift */,
				2B75E9C927EA619D00E3935F /* RepositoriesViewModelTests.swift */,
				2BADD7E727F1F7AE009A5D00 /* FollowerViewModelTests.swift */,
				2BADD7E927F1F876009A5D00 /* RepositoryCellViewModelTests.swift */,
			);
			path = ViewModel;
			sourceTree = "<group>";
		};
		2BADD7EB27F1FA7E009A5D00 /* VC */ = {
			isa = PBXGroup;
			children = (
				2BADD7EC27F1FA9B009A5D00 /* EnterUserNameVCTests.swift */,
			);
			path = VC;
			sourceTree = "<group>";
		};
		2BADD7F327F21D5A009A5D00 /* Model */ = {
			isa = PBXGroup;
			children = (
				2BADD80027F21E47009A5D00 /* Favorite+CoreDataClass.swift */,
			);
			path = Model;
			sourceTree = "<group>";
		};
		2BADD7FA27F21D94009A5D00 /* ViewModel */ = {
			isa = PBXGroup;
			children = (
				2BADD80C27F22891009A5D00 /* FavoritesListViewModel.swift */,
			);
			path = ViewModel;
			sourceTree = "<group>";
		};
		2BADD7FB27F21D9D009A5D00 /* View */ = {
			isa = PBXGroup;
			children = (
				2BB2313C27E2613D001A5FF4 /* FavoritesListViewController.swift */,
				2BADD80E27F22C2E009A5D00 /* FavoritesListView.swift */,
			);
			path = View;
			sourceTree = "<group>";
		};
		2BADD80427F21FF5009A5D00 /* Requester */ = {
			isa = PBXGroup;
			children = (
				2BA1242527E39860006B39CF /* Requester.swift */,
				2BA1242A27E3AB2C006B39CF /* URLProvider.swift */,
				2BA1242C27E3AC02006B39CF /* RequesterSupport.swift */,
			);
			path = Requester;
			sourceTree = "<group>";
		};
		2BADD80527F22013009A5D00 /* CoreData */ = {
			isa = PBXGroup;
			children = (
				2BADD80627F22027009A5D00 /* CoreDataManager.swift */,
				2BADD80827F22112009A5D00 /* FavoriteManager.swift */,
				2BADD80A27F227BF009A5D00 /* CoreDataSupport.swift */,
			);
			path = CoreData;
			sourceTree = "<group>";
		};
		2BADD81027F235C2009A5D00 /* Cells */ = {
			isa = PBXGroup;
			children = (
				2BADD81127F235ED009A5D00 /* FavoriteCell.swift */,
				2BADD81327F237F2009A5D00 /* FavoriteViewModel.swift */,
			);
			path = Cells;
			sourceTree = "<group>";
		};
		2BB230F427E25960001A5FF4 = {
			isa = PBXGroup;
			children = (
				2BB2315527E27A38001A5FF4 /* Localizable.strings */,
				2BB230FF27E25960001A5FF4 /* GitHubFollowers */,
				2BB2311627E25962001A5FF4 /* GitHubFollowersTests */,
				2BB2312027E25962001A5FF4 /* GitHubFollowersUITests */,
				2BB230FE27E25960001A5FF4 /* Products */,
				76BAA45742E5A6665247B43D /* Pods */,
				5FCC7AC1010F08C77F8DC2CF /* Frameworks */,
			);
			sourceTree = "<group>";
		};
		2BB230FE27E25960001A5FF4 /* Products */ = {
			isa = PBXGroup;
			children = (
				2BB230FD27E25960001A5FF4 /* GitHubFollowers.app */,
				2BB2311327E25962001A5FF4 /* GitHubFollowersTests.xctest */,
				2BB2311D27E25962001A5FF4 /* GitHubFollowersUITests.xctest */,
			);
			name = Products;
			sourceTree = "<group>";
		};
		2BB230FF27E25960001A5FF4 /* GitHubFollowers */ = {
			isa = PBXGroup;
			children = (
				2BC23B7127EB9EA700E5F6FD /* Observers */,
				2BA1243627E3B417006B39CF /* Extensions */,
				2BA1242927E3A2B1006B39CF /* Helpers */,
				2BA1242427E3982F006B39CF /* Services */,
				2BD1F9D127E36059004EE9BF /* UI */,
				2BB2313027E259EB001A5FF4 /* Utils */,
				2BB2310B27E25962001A5FF4 /* LaunchScreen.storyboard */,
				2BB2310927E25962001A5FF4 /* Assets.xcassets */,
				2BB2310027E25960001A5FF4 /* AppDelegate.swift */,
				2BD1F9DF27E36AC5004EE9BF /* R.generated.swift */,
				2BB2310E27E25962001A5FF4 /* Info.plist */,
				2BADD7F027F21AF8009A5D00 /* GitHubFollowers.xcdatamodeld */,
			);
			path = GitHubFollowers;
			sourceTree = "<group>";
		};
		2BB2311627E25962001A5FF4 /* GitHubFollowersTests */ = {
			isa = PBXGroup;
			children = (
				2BB2311727E25962001A5FF4 /* GitHubFollowersTests.swift */,
				2BDB3E9F27E5014C00341FCC /* Spies */,
				2BDB3E9E27E5014500341FCC /* Stubs */,
				2BADD7EB27F1FA7E009A5D00 /* VC */,
				2BADD7E627F1F788009A5D00 /* ViewModel */,
			);
			path = GitHubFollowersTests;
			sourceTree = "<group>";
		};
		2BB2312027E25962001A5FF4 /* GitHubFollowersUITests */ = {
			isa = PBXGroup;
			children = (
				2BB2312127E25962001A5FF4 /* GitHubFollowersUITests.swift */,
				2BB2312327E25962001A5FF4 /* GitHubFollowersUITestsLaunchTests.swift */,
			);
			path = GitHubFollowersUITests;
			sourceTree = "<group>";
		};
		2BB2313027E259EB001A5FF4 /* Utils */ = {
			isa = PBXGroup;
			children = (
				2BB2315727E27AEA001A5FF4 /* Alias.swift */,
				2BA1243B27E3CBEE006B39CF /* CellSize.swift */,
			);
			path = Utils;
			sourceTree = "<group>";
		};
		2BB2313E27E262BF001A5FF4 /* Scenes */ = {
			isa = PBXGroup;
			children = (
				2B283A9C27F35563003EDC53 /* Common */,
				2B1729C727E4C08200DD130D /* Profile */,
				2BB2314227E2630F001A5FF4 /* Favorites */,
				2BB2313F27E262CD001A5FF4 /* Search */,
				2BC23B5527EB5CD700E5F6FD /* Settings */,
			);
			path = Scenes;
			sourceTree = "<group>";
		};
		2BB2313F27E262CD001A5FF4 /* Search */ = {
			isa = PBXGroup;
			children = (
				2BB2313527E25E3D001A5FF4 /* SearchCoordinator.swift */,
				2BB2314027E262DD001A5FF4 /* EnterUsername */,
			);
			path = Search;
			sourceTree = "<group>";
		};
		2BB2314027E262DD001A5FF4 /* EnterUsername */ = {
			isa = PBXGroup;
			children = (
				2BB2314B27E2664E001A5FF4 /* View */,
				2BB2315B27E27C1D001A5FF4 /* ViewModel */,
			);
			path = EnterUsername;
			sourceTree = "<group>";
		};
		2BB2314127E262FB001A5FF4 /* FollowersList */ = {
			isa = PBXGroup;
			children = (
				2BE6DB9F27EE20D60004EB93 /* Cells */,
				2BB2315E27E283AF001A5FF4 /* View */,
				2BB2316127E28571001A5FF4 /* ViewModel */,
				2BA1242127E396EE006B39CF /* Model */,
			);
			path = FollowersList;
			sourceTree = "<group>";
		};
		2BB2314227E2630F001A5FF4 /* Favorites */ = {
			isa = PBXGroup;
			children = (
				2BB2313A27E2609D001A5FF4 /* FavoritesCoordinator.swift */,
				2BB2314327E2631B001A5FF4 /* FavoritesList */,
			);
			path = Favorites;
			sourceTree = "<group>";
		};
		2BB2314327E2631B001A5FF4 /* FavoritesList */ = {
			isa = PBXGroup;
			children = (
				2BADD81027F235C2009A5D00 /* Cells */,
				2BADD7FB27F21D9D009A5D00 /* View */,
				2BADD7FA27F21D94009A5D00 /* ViewModel */,
				2BADD7F327F21D5A009A5D00 /* Model */,
			);
			path = FavoritesList;
			sourceTree = "<group>";
		};
		2BB2314B27E2664E001A5FF4 /* View */ = {
			isa = PBXGroup;
			children = (
				2BB2314427E26367001A5FF4 /* EnterUsernameViewController.swift */,
				2BB2314C27E26664001A5FF4 /* EnterUsernameView.swift */,
			);
			path = View;
			sourceTree = "<group>";
		};
		2BB2315B27E27C1D001A5FF4 /* ViewModel */ = {
			isa = PBXGroup;
			children = (
				2BB2315C27E27C2E001A5FF4 /* EnterUsernameViewModel.swift */,
			);
			path = ViewModel;
			sourceTree = "<group>";
		};
		2BB2315E27E283AF001A5FF4 /* View */ = {
			isa = PBXGroup;
			children = (
				2BB2315927E27C08001A5FF4 /* FollowersListViewController.swift */,
				2BB2315F27E283BC001A5FF4 /* FollowersListView.swift */,
			);
			path = View;
			sourceTree = "<group>";
		};
		2BB2316127E28571001A5FF4 /* ViewModel */ = {
			isa = PBXGroup;
			children = (
				2BB2316227E28588001A5FF4 /* FollowersListViewModel.swift */,
			);
			path = ViewModel;
			sourceTree = "<group>";
		};
		2BC23B5527EB5CD700E5F6FD /* Settings */ = {
			isa = PBXGroup;
			children = (
				2BC23B5B27EB5D8100E5F6FD /* SettingsCoordinator.swift */,
				2BC23B5627EB5CE300E5F6FD /* View */,
				2BC23B5727EB5CEA00E5F6FD /* ViewModel */,
				2BC23B5827EB5CF500E5F6FD /* Model */,
			);
			path = Settings;
			sourceTree = "<group>";
		};
		2BC23B5627EB5CE300E5F6FD /* View */ = {
			isa = PBXGroup;
			children = (
				2BC23B5D27EB5DC300E5F6FD /* SettingsViewController.swift */,
				2BC23B6C27EB698200E5F6FD /* SettingsView.swift */,
			);
			path = View;
			sourceTree = "<group>";
		};
		2BC23B5727EB5CEA00E5F6FD /* ViewModel */ = {
			isa = PBXGroup;
			children = (
				2BC23B6E27EB6A5900E5F6FD /* SettingsViewModel.swift */,
			);
			path = ViewModel;
			sourceTree = "<group>";
		};
		2BC23B5827EB5CF500E5F6FD /* Model */ = {
			isa = PBXGroup;
			children = (
				2BC23B5F27EB60AD00E5F6FD /* Setting.swift */,
			);
			path = Model;
			sourceTree = "<group>";
		};
		2BC23B7127EB9EA700E5F6FD /* Observers */ = {
			isa = PBXGroup;
			children = (
				2BC23B7227EB9EBF00E5F6FD /* UserInterfaceStyleManager.swift */,
				2BFA71D727EC91A800568BBE /* WeakStyleObserver.swift */,
				2BFA71D927EC93DB00568BBE /* UserInterfaceStyleObserver.swift */,
			);
			path = Observers;
			sourceTree = "<group>";
		};
		2BD1F9D127E36059004EE9BF /* UI */ = {
			isa = PBXGroup;
			children = (
				2BB2313327E25CEB001A5FF4 /* MainTabBarController.swift */,
				2BB2313E27E262BF001A5FF4 /* Scenes */,
				2BD1F9D427E3609F004EE9BF /* Components */,
			);
			path = UI;
			sourceTree = "<group>";
		};
		2BD1F9D427E3609F004EE9BF /* Components */ = {
			isa = PBXGroup;
			children = (
				2BA1242E27E3B068006B39CF /* Cells */,
				2BA1243027E3B075006B39CF /* TextFields */,
				2BA1242F27E3B06E006B39CF /* Buttons */,
				2BD1F9E127E36E9D004EE9BF /* GFAlertVC */,
				2B1729C527E4B84B00DD130D /* GFLoadingView.swift */,
				2B1729CC27E4F3CB00DD130D /* GFErrorView.swift */,
				2B4A3FF927E8A57A00A36D5D /* GFStats.swift */,
				2B4A400727E8F25D00A36D5D /* GFCardDetail.swift */,
				2B4A400927E8F7AC00A36D5D /* GFDetails.swift */,
			);
			path = Components;
			sourceTree = "<group>";
		};
		2BD1F9E127E36E9D004EE9BF /* GFAlertVC */ = {
			isa = PBXGroup;
			children = (
				2BD1F9E627E36EF2004EE9BF /* Model */,
				2BD1F9E527E36EE3004EE9BF /* ViewModel */,
				2BD1F9E227E36EB4004EE9BF /* View */,
			);
			path = GFAlertVC;
			sourceTree = "<group>";
		};
		2BD1F9E227E36EB4004EE9BF /* View */ = {
			isa = PBXGroup;
			children = (
				2BD1F9D627E3615B004EE9BF /* GFAlertVC.swift */,
				2BD1F9E327E36EC2004EE9BF /* GFAlertView.swift */,
			);
			path = View;
			sourceTree = "<group>";
		};
		2BD1F9E527E36EE3004EE9BF /* ViewModel */ = {
			isa = PBXGroup;
			children = (
				2BD1F9E927E36F3F004EE9BF /* GFAlertVM.swift */,
			);
			path = ViewModel;
			sourceTree = "<group>";
		};
		2BD1F9E627E36EF2004EE9BF /* Model */ = {
			isa = PBXGroup;
			children = (
				2BD1F9E727E36F00004EE9BF /* Alert.swift */,
			);
			path = Model;
			sourceTree = "<group>";
		};
		2BDB3E9E27E5014500341FCC /* Stubs */ = {
			isa = PBXGroup;
			children = (
				2BDB3EA027E5015C00341FCC /* RequesterStub.swift */,
			);
			path = Stubs;
			sourceTree = "<group>";
		};
		2BDB3E9F27E5014C00341FCC /* Spies */ = {
			isa = PBXGroup;
			children = (
				2BDB3EA227E5026800341FCC /* SearchCoordinatorSpy.swift */,
				2B75E9C327EA578C00E3935F /* ProfileCoordinatorSpy.swift */,
				2BADD7EE27F1FD26009A5D00 /* EnterUsernameViewModelSpy.swift */,
			);
			path = Spies;
			sourceTree = "<group>";
		};
		2BE6DB9F27EE20D60004EB93 /* Cells */ = {
			isa = PBXGroup;
			children = (
				2BA1243127E3B08A006B39CF /* FollowerCell */,
			);
			path = Cells;
			sourceTree = "<group>";
		};
		2BE6DBA027EE20F50004EB93 /* Cells */ = {
			isa = PBXGroup;
			children = (
				2B4A400227E8C38F00A36D5D /* RepositoryCell */,
			);
			path = Cells;
			sourceTree = "<group>";
		};
		5FCC7AC1010F08C77F8DC2CF /* Frameworks */ = {
			isa = PBXGroup;
			children = (
				E70DA411645E97AEE157B77B /* Pods_GitHubFollowers.framework */,
				15597E33E6D5445BC6F75D2E /* Pods_GitHubFollowers_GitHubFollowersUITests.framework */,
				6461623E94EE4531A7D3107A /* Pods_GitHubFollowersTests.framework */,
			);
			name = Frameworks;
			sourceTree = "<group>";
		};
		76BAA45742E5A6665247B43D /* Pods */ = {
			isa = PBXGroup;
			children = (
				3D097092B5B937C066CA5B4C /* Pods-GitHubFollowers.debug.xcconfig */,
				74D1FBD4244EEB6592548AA6 /* Pods-GitHubFollowers.release.xcconfig */,
				AD23FB6655D072B931268508 /* Pods-GitHubFollowers-GitHubFollowersUITests.debug.xcconfig */,
				1B34CC55BB3854E0D3C5C123 /* Pods-GitHubFollowers-GitHubFollowersUITests.release.xcconfig */,
				9DE6AAA46B6ED8D9F398F81D /* Pods-GitHubFollowersTests.debug.xcconfig */,
				ABC9B08331F0876EDF8F85F0 /* Pods-GitHubFollowersTests.release.xcconfig */,
			);
			path = Pods;
			sourceTree = "<group>";
		};
/* End PBXGroup section */

/* Begin PBXNativeTarget section */
		2BB230FC27E25960001A5FF4 /* GitHubFollowers */ = {
			isa = PBXNativeTarget;
			buildConfigurationList = 2BB2312727E25962001A5FF4 /* Build configuration list for PBXNativeTarget "GitHubFollowers" */;
			buildPhases = (
				B46D7718DF0BD116F2B5A8AC /* [CP] Check Pods Manifest.lock */,
				2BB2314E27E277AC001A5FF4 /* ShellScript */,
				2BB230F927E25960001A5FF4 /* Sources */,
				2BB230FA27E25960001A5FF4 /* Frameworks */,
				2BB230FB27E25960001A5FF4 /* Resources */,
				7445CD8E51E8C28EF123A592 /* [CP] Embed Pods Frameworks */,
			);
			buildRules = (
			);
			dependencies = (
			);
			name = GitHubFollowers;
			productName = GitHubFollowers;
			productReference = 2BB230FD27E25960001A5FF4 /* GitHubFollowers.app */;
			productType = "com.apple.product-type.application";
		};
		2BB2311227E25962001A5FF4 /* GitHubFollowersTests */ = {
			isa = PBXNativeTarget;
			buildConfigurationList = 2BB2312A27E25962001A5FF4 /* Build configuration list for PBXNativeTarget "GitHubFollowersTests" */;
			buildPhases = (
				28D25A591DB452A7F8302F58 /* [CP] Check Pods Manifest.lock */,
				2BB2310F27E25962001A5FF4 /* Sources */,
				2BB2311027E25962001A5FF4 /* Frameworks */,
				2BB2311127E25962001A5FF4 /* Resources */,
			);
			buildRules = (
			);
			dependencies = (
				2BB2311527E25962001A5FF4 /* PBXTargetDependency */,
			);
			name = GitHubFollowersTests;
			productName = GitHubFollowersTests;
			productReference = 2BB2311327E25962001A5FF4 /* GitHubFollowersTests.xctest */;
			productType = "com.apple.product-type.bundle.unit-test";
		};
		2BB2311C27E25962001A5FF4 /* GitHubFollowersUITests */ = {
			isa = PBXNativeTarget;
			buildConfigurationList = 2BB2312D27E25962001A5FF4 /* Build configuration list for PBXNativeTarget "GitHubFollowersUITests" */;
			buildPhases = (
				E01478AC20EC3E17E701CB9C /* [CP] Check Pods Manifest.lock */,
				2BB2311927E25962001A5FF4 /* Sources */,
				2BB2311A27E25962001A5FF4 /* Frameworks */,
				2BB2311B27E25962001A5FF4 /* Resources */,
				6CD4988E4865CAC3C059B7BA /* [CP] Embed Pods Frameworks */,
			);
			buildRules = (
			);
			dependencies = (
				2BB2311F27E25962001A5FF4 /* PBXTargetDependency */,
			);
			name = GitHubFollowersUITests;
			productName = GitHubFollowersUITests;
			productReference = 2BB2311D27E25962001A5FF4 /* GitHubFollowersUITests.xctest */;
			productType = "com.apple.product-type.bundle.ui-testing";
		};
/* End PBXNativeTarget section */

/* Begin PBXProject section */
		2BB230F527E25960001A5FF4 /* Project object */ = {
			isa = PBXProject;
			attributes = {
				BuildIndependentTargetsInParallel = 1;
				LastSwiftUpdateCheck = 1320;
				LastUpgradeCheck = 1320;
				TargetAttributes = {
					2BB230FC27E25960001A5FF4 = {
						CreatedOnToolsVersion = 13.2.1;
					};
					2BB2311227E25962001A5FF4 = {
						CreatedOnToolsVersion = 13.2.1;
						TestTargetID = 2BB230FC27E25960001A5FF4;
					};
					2BB2311C27E25962001A5FF4 = {
						CreatedOnToolsVersion = 13.2.1;
						TestTargetID = 2BB230FC27E25960001A5FF4;
					};
				};
			};
			buildConfigurationList = 2BB230F827E25960001A5FF4 /* Build configuration list for PBXProject "GitHubFollowers" */;
			compatibilityVersion = "Xcode 13.0";
			developmentRegion = en;
			hasScannedForEncodings = 0;
			knownRegions = (
				en,
				Base,
				"pt-BR",
			);
			mainGroup = 2BB230F427E25960001A5FF4;
			productRefGroup = 2BB230FE27E25960001A5FF4 /* Products */;
			projectDirPath = "";
			projectRoot = "";
			targets = (
				2BB230FC27E25960001A5FF4 /* GitHubFollowers */,
				2BB2311227E25962001A5FF4 /* GitHubFollowersTests */,
				2BB2311C27E25962001A5FF4 /* GitHubFollowersUITests */,
			);
		};
/* End PBXProject section */

/* Begin PBXResourcesBuildPhase section */
		2BB230FB27E25960001A5FF4 /* Resources */ = {
			isa = PBXResourcesBuildPhase;
			buildActionMask = 2147483647;
			files = (
				2BB2310D27E25962001A5FF4 /* LaunchScreen.storyboard in Resources */,
				2BB2315327E27A38001A5FF4 /* Localizable.strings in Resources */,
				2BB2310A27E25962001A5FF4 /* Assets.xcassets in Resources */,
			);
			runOnlyForDeploymentPostprocessing = 0;
		};
		2BB2311127E25962001A5FF4 /* Resources */ = {
			isa = PBXResourcesBuildPhase;
			buildActionMask = 2147483647;
			files = (
			);
			runOnlyForDeploymentPostprocessing = 0;
		};
		2BB2311B27E25962001A5FF4 /* Resources */ = {
			isa = PBXResourcesBuildPhase;
			buildActionMask = 2147483647;
			files = (
			);
			runOnlyForDeploymentPostprocessing = 0;
		};
/* End PBXResourcesBuildPhase section */

/* Begin PBXShellScriptBuildPhase section */
		28D25A591DB452A7F8302F58 /* [CP] Check Pods Manifest.lock */ = {
			isa = PBXShellScriptBuildPhase;
			buildActionMask = 2147483647;
			files = (
			);
			inputFileListPaths = (
			);
			inputPaths = (
				"${PODS_PODFILE_DIR_PATH}/Podfile.lock",
				"${PODS_ROOT}/Manifest.lock",
			);
			name = "[CP] Check Pods Manifest.lock";
			outputFileListPaths = (
			);
			outputPaths = (
				"$(DERIVED_FILE_DIR)/Pods-GitHubFollowersTests-checkManifestLockResult.txt",
			);
			runOnlyForDeploymentPostprocessing = 0;
			shellPath = /bin/sh;
			shellScript = "diff \"${PODS_PODFILE_DIR_PATH}/Podfile.lock\" \"${PODS_ROOT}/Manifest.lock\" > /dev/null\nif [ $? != 0 ] ; then\n    # print error to STDERR\n    echo \"error: The sandbox is not in sync with the Podfile.lock. Run 'pod install' or update your CocoaPods installation.\" >&2\n    exit 1\nfi\n# This output is used by Xcode 'outputs' to avoid re-running this script phase.\necho \"SUCCESS\" > \"${SCRIPT_OUTPUT_FILE_0}\"\n";
			showEnvVarsInLog = 0;
		};
		2BB2314E27E277AC001A5FF4 /* ShellScript */ = {
			isa = PBXShellScriptBuildPhase;
			alwaysOutOfDate = 1;
			buildActionMask = 2147483647;
			files = (
			);
			inputFileListPaths = (
			);
			inputPaths = (
			);
			outputFileListPaths = (
			);
			outputPaths = (
				$SRCROOT/R.generated.swift,
			);
			runOnlyForDeploymentPostprocessing = 0;
			shellPath = /bin/sh;
			shellScript = "# Type a script or drag a script file from your workspace to insert its path.\n\"$PODS_ROOT/R.swift/rswift\" generate \"$SRCROOT/R.generated.swift\"\n";
		};
		6CD4988E4865CAC3C059B7BA /* [CP] Embed Pods Frameworks */ = {
			isa = PBXShellScriptBuildPhase;
			buildActionMask = 2147483647;
			files = (
			);
			inputFileListPaths = (
				"${PODS_ROOT}/Target Support Files/Pods-GitHubFollowers-GitHubFollowersUITests/Pods-GitHubFollowers-GitHubFollowersUITests-frameworks-${CONFIGURATION}-input-files.xcfilelist",
			);
			name = "[CP] Embed Pods Frameworks";
			outputFileListPaths = (
				"${PODS_ROOT}/Target Support Files/Pods-GitHubFollowers-GitHubFollowersUITests/Pods-GitHubFollowers-GitHubFollowersUITests-frameworks-${CONFIGURATION}-output-files.xcfilelist",
			);
			runOnlyForDeploymentPostprocessing = 0;
			shellPath = /bin/sh;
			shellScript = "\"${PODS_ROOT}/Target Support Files/Pods-GitHubFollowers-GitHubFollowersUITests/Pods-GitHubFollowers-GitHubFollowersUITests-frameworks.sh\"\n";
			showEnvVarsInLog = 0;
		};
		7445CD8E51E8C28EF123A592 /* [CP] Embed Pods Frameworks */ = {
			isa = PBXShellScriptBuildPhase;
			buildActionMask = 2147483647;
			files = (
			);
			inputFileListPaths = (
				"${PODS_ROOT}/Target Support Files/Pods-GitHubFollowers/Pods-GitHubFollowers-frameworks-${CONFIGURATION}-input-files.xcfilelist",
			);
			name = "[CP] Embed Pods Frameworks";
			outputFileListPaths = (
				"${PODS_ROOT}/Target Support Files/Pods-GitHubFollowers/Pods-GitHubFollowers-frameworks-${CONFIGURATION}-output-files.xcfilelist",
			);
			runOnlyForDeploymentPostprocessing = 0;
			shellPath = /bin/sh;
			shellScript = "\"${PODS_ROOT}/Target Support Files/Pods-GitHubFollowers/Pods-GitHubFollowers-frameworks.sh\"\n";
			showEnvVarsInLog = 0;
		};
		B46D7718DF0BD116F2B5A8AC /* [CP] Check Pods Manifest.lock */ = {
			isa = PBXShellScriptBuildPhase;
			buildActionMask = 2147483647;
			files = (
			);
			inputFileListPaths = (
			);
			inputPaths = (
				"${PODS_PODFILE_DIR_PATH}/Podfile.lock",
				"${PODS_ROOT}/Manifest.lock",
			);
			name = "[CP] Check Pods Manifest.lock";
			outputFileListPaths = (
			);
			outputPaths = (
				"$(DERIVED_FILE_DIR)/Pods-GitHubFollowers-checkManifestLockResult.txt",
			);
			runOnlyForDeploymentPostprocessing = 0;
			shellPath = /bin/sh;
			shellScript = "diff \"${PODS_PODFILE_DIR_PATH}/Podfile.lock\" \"${PODS_ROOT}/Manifest.lock\" > /dev/null\nif [ $? != 0 ] ; then\n    # print error to STDERR\n    echo \"error: The sandbox is not in sync with the Podfile.lock. Run 'pod install' or update your CocoaPods installation.\" >&2\n    exit 1\nfi\n# This output is used by Xcode 'outputs' to avoid re-running this script phase.\necho \"SUCCESS\" > \"${SCRIPT_OUTPUT_FILE_0}\"\n";
			showEnvVarsInLog = 0;
		};
		E01478AC20EC3E17E701CB9C /* [CP] Check Pods Manifest.lock */ = {
			isa = PBXShellScriptBuildPhase;
			buildActionMask = 2147483647;
			files = (
			);
			inputFileListPaths = (
			);
			inputPaths = (
				"${PODS_PODFILE_DIR_PATH}/Podfile.lock",
				"${PODS_ROOT}/Manifest.lock",
			);
			name = "[CP] Check Pods Manifest.lock";
			outputFileListPaths = (
			);
			outputPaths = (
				"$(DERIVED_FILE_DIR)/Pods-GitHubFollowers-GitHubFollowersUITests-checkManifestLockResult.txt",
			);
			runOnlyForDeploymentPostprocessing = 0;
			shellPath = /bin/sh;
			shellScript = "diff \"${PODS_PODFILE_DIR_PATH}/Podfile.lock\" \"${PODS_ROOT}/Manifest.lock\" > /dev/null\nif [ $? != 0 ] ; then\n    # print error to STDERR\n    echo \"error: The sandbox is not in sync with the Podfile.lock. Run 'pod install' or update your CocoaPods installation.\" >&2\n    exit 1\nfi\n# This output is used by Xcode 'outputs' to avoid re-running this script phase.\necho \"SUCCESS\" > \"${SCRIPT_OUTPUT_FILE_0}\"\n";
			showEnvVarsInLog = 0;
		};
/* End PBXShellScriptBuildPhase section */

/* Begin PBXSourcesBuildPhase section */
		2BB230F927E25960001A5FF4 /* Sources */ = {
			isa = PBXSourcesBuildPhase;
			buildActionMask = 2147483647;
			files = (
				2BB2315D27E27C2E001A5FF4 /* EnterUsernameViewModel.swift in Sources */,
				2BB2313227E25A03001A5FF4 /* Coordinator.swift in Sources */,
				2B4A3FFC27E8B2EC00A36D5D /* Int+Format.swift in Sources */,
				2BC23B6F27EB6A5900E5F6FD /* SettingsViewModel.swift in Sources */,
				2B4A400827E8F25D00A36D5D /* GFCardDetail.swift in Sources */,
				2BA1243A27E3C5A2006B39CF /* UIImageView+loadImage.swift in Sources */,
				2B4A3FFE27E8BF2100A36D5D /* Repository.swift in Sources */,
				2BB2314A27E26583001A5FF4 /* ViewCode.swift in Sources */,
				2BE6DBA427EE40C20004EB93 /* SystemImage.swift in Sources */,
				2BA1243C27E3CBEE006B39CF /* CellSize.swift in Sources */,
				2B1729C627E4B84B00DD130D /* GFLoadingView.swift in Sources */,
				2BC23B6927EB638500E5F6FD /* GFSwitchTableViewCell.swift in Sources */,
				2B1729CD27E4F3CB00DD130D /* GFErrorView.swift in Sources */,
				2B75E9B027E9EF1D00E3935F /* RepositoriesViewModel.swift in Sources */,
				2BC23B6027EB60AD00E5F6FD /* Setting.swift in Sources */,
				2BADD7F227F21AF8009A5D00 /* GitHubFollowers.xcdatamodeld in Sources */,
				2BC23B7327EB9EBF00E5F6FD /* UserInterfaceStyleManager.swift in Sources */,
				2BB2315827E27AEA001A5FF4 /* Alias.swift in Sources */,
				2BA1242B27E3AB2C006B39CF /* URLProvider.swift in Sources */,
				2B4A400627E8C4FC00A36D5D /* RepositoryCell.swift in Sources */,
				2B75E9C627EA5CE600E3935F /* String+dateFromString.swift in Sources */,
				2B75E9AE27E9EE9F00E3935F /* RepositoriesViewController.swift in Sources */,
				2BA1243827E3B42C006B39CF /* Identifier.swift in Sources */,
				2BADD80927F22112009A5D00 /* FavoriteManager.swift in Sources */,
				2B51916D27ECD5D600F993E2 /* LanguageColor.swift in Sources */,
				2B75E9B227E9F37200E3935F /* RepositoriesView.swift in Sources */,
				2BA1242027E383C7006B39CF /* GFTextField.swift in Sources */,
				2B4A400A27E8F7AC00A36D5D /* GFDetails.swift in Sources */,
				2BD1F9D727E3615B004EE9BF /* GFAlertVC.swift in Sources */,
				2BB2313B27E2609D001A5FF4 /* FavoritesCoordinator.swift in Sources */,
				2BD1F9E427E36EC2004EE9BF /* GFAlertView.swift in Sources */,
				2BC23B6527EB624900E5F6FD /* GFSelectionTableViewCell.swift in Sources */,
				2BADD80B27F227BF009A5D00 /* CoreDataSupport.swift in Sources */,
				2BC23B5E27EB5DC300E5F6FD /* SettingsViewController.swift in Sources */,
				2B283A9E27F35658003EDC53 /* AlertFlux.swift in Sources */,
				2BA1242D27E3AC02006B39CF /* RequesterSupport.swift in Sources */,
				2BA1242627E39860006B39CF /* Requester.swift in Sources */,
				2BDB3EAB27E5102500341FCC /* ProfileView.swift in Sources */,
				2BADD80727F22027009A5D00 /* CoreDataManager.swift in Sources */,
				2BB2316327E28588001A5FF4 /* FollowersListViewModel.swift in Sources */,
				2BA1243327E3B0A7006B39CF /* FollowerViewModel.swift in Sources */,
				2BADD80227F21E47009A5D00 /* Favorite+CoreDataClass.swift in Sources */,
				2BB2313D27E2613D001A5FF4 /* FavoritesListViewController.swift in Sources */,
				2BA1242827E3A1E9006B39CF /* Observable.swift in Sources */,
				2B283A9927F34396003EDC53 /* NotificationCenter.swift in Sources */,
				2BFA71DA27EC93DB00568BBE /* UserInterfaceStyleObserver.swift in Sources */,
				2BB2316027E283BC001A5FF4 /* FollowersListView.swift in Sources */,
				2BD1F9EA27E36F3F004EE9BF /* GFAlertVM.swift in Sources */,
				2BDB3EA927E50CC200341FCC /* User.swift in Sources */,
				2BA1243527E3B241006B39CF /* FollowerCell.swift in Sources */,
				2BADD81427F237F2009A5D00 /* FavoriteViewModel.swift in Sources */,
				2B51916F27ECE51400F993E2 /* UIColor+hex.swift in Sources */,
				2BB2314527E26367001A5FF4 /* EnterUsernameViewController.swift in Sources */,
				2BD1F9E027E36AC5004EE9BF /* R.generated.swift in Sources */,
				2B1729C927E4C0B500DD130D /* ProfileViewController.swift in Sources */,
				2BB2314827E2653B001A5FF4 /* BaseViewController.swift in Sources */,
				2B283A9527F3361D003EDC53 /* UINavigationController+presentGFAlert.swift in Sources */,
				2BD1F9EE27E3734D004EE9BF /* GFButton.swift in Sources */,
				2BB2313427E25CEB001A5FF4 /* MainTabBarController.swift in Sources */,
				2B4A400C27E9194100A36D5D /* ProfileCoordinator.swift in Sources */,
				2BB2314D27E26664001A5FF4 /* EnterUsernameView.swift in Sources */,
				2BC23B6D27EB698200E5F6FD /* SettingsView.swift in Sources */,
				2BB2315A27E27C08001A5FF4 /* FollowersListViewController.swift in Sources */,
				2BFA71D827EC91A800568BBE /* WeakStyleObserver.swift in Sources */,
				2B283A9B27F35335003EDC53 /* FollowersFlux.swift in Sources */,
				2BA1242327E39701006B39CF /* Follower.swift in Sources */,
				2B4A3FFA27E8A57A00A36D5D /* GFStats.swift in Sources */,
				2BB2310127E25960001A5FF4 /* AppDelegate.swift in Sources */,
				2BADD80F27F22C2E009A5D00 /* FavoritesListView.swift in Sources */,
				2BC23B5C27EB5D8100E5F6FD /* SettingsCoordinator.swift in Sources */,
				2BADD81227F235ED009A5D00 /* FavoriteCell.swift in Sources */,
				2BD1F9E827E36F00004EE9BF /* Alert.swift in Sources */,
				2BADD80D27F22891009A5D00 /* FavoritesListViewModel.swift in Sources */,
				2BB2313627E25E3D001A5FF4 /* SearchCoordinator.swift in Sources */,
				2B4A400427E8C3A200A36D5D /* RepositoryCellViewModel.swift in Sources */,
				2B1729CB27E4C0DC00DD130D /* ProfileViewModel.swift in Sources */,
				2B51916927ECBDDA00F993E2 /* Date+format.swift in Sources */,
			);
			runOnlyForDeploymentPostprocessing = 0;
		};
		2BB2310F27E25962001A5FF4 /* Sources */ = {
			isa = PBXSourcesBuildPhase;
			buildActionMask = 2147483647;
			files = (
				2BADD7EA27F1F876009A5D00 /* RepositoryCellViewModelTests.swift in Sources */,
				2BDB3EA727E5064B00341FCC /* FollowersListViewModelTests.swift in Sources */,
				2BDB3EA127E5015C00341FCC /* RequesterStub.swift in Sources */,
				2BDB3EA327E5026800341FCC /* SearchCoordinatorSpy.swift in Sources */,
				2BB2311827E25962001A5FF4 /* GitHubFollowersTests.swift in Sources */,
				2B75E9CA27EA619D00E3935F /* RepositoriesViewModelTests.swift in Sources */,
				2B75E9C227EA56FF00E3935F /* ProfileViewModelTests.swift in Sources */,
				2BDB3EA527E5033200341FCC /* EnterUsernameViewModelTests.swift in Sources */,
				2BADD7EF27F1FD26009A5D00 /* EnterUsernameViewModelSpy.swift in Sources */,
				2B75E9C427EA578C00E3935F /* ProfileCoordinatorSpy.swift in Sources */,
				2BADD7E827F1F7AE009A5D00 /* FollowerViewModelTests.swift in Sources */,
				2BADD7ED27F1FA9B009A5D00 /* EnterUserNameVCTests.swift in Sources */,
			);
			runOnlyForDeploymentPostprocessing = 0;
		};
		2BB2311927E25962001A5FF4 /* Sources */ = {
			isa = PBXSourcesBuildPhase;
			buildActionMask = 2147483647;
			files = (
				2BB2312227E25962001A5FF4 /* GitHubFollowersUITests.swift in Sources */,
				2BB2312427E25962001A5FF4 /* GitHubFollowersUITestsLaunchTests.swift in Sources */,
			);
			runOnlyForDeploymentPostprocessing = 0;
		};
/* End PBXSourcesBuildPhase section */

/* Begin PBXTargetDependency section */
		2BB2311527E25962001A5FF4 /* PBXTargetDependency */ = {
			isa = PBXTargetDependency;
			target = 2BB230FC27E25960001A5FF4 /* GitHubFollowers */;
			targetProxy = 2BB2311427E25962001A5FF4 /* PBXContainerItemProxy */;
		};
		2BB2311F27E25962001A5FF4 /* PBXTargetDependency */ = {
			isa = PBXTargetDependency;
			target = 2BB230FC27E25960001A5FF4 /* GitHubFollowers */;
			targetProxy = 2BB2311E27E25962001A5FF4 /* PBXContainerItemProxy */;
		};
/* End PBXTargetDependency section */

/* Begin PBXVariantGroup section */
		2BB2310B27E25962001A5FF4 /* LaunchScreen.storyboard */ = {
			isa = PBXVariantGroup;
			children = (
				2BB2310C27E25962001A5FF4 /* Base */,
			);
			name = LaunchScreen.storyboard;
			sourceTree = "<group>";
		};
		2BB2315527E27A38001A5FF4 /* Localizable.strings */ = {
			isa = PBXVariantGroup;
			children = (
				2BB2315427E27A38001A5FF4 /* en */,
				2BB2315627E27A58001A5FF4 /* pt-BR */,
			);
			name = Localizable.strings;
			sourceTree = "<group>";
		};
/* End PBXVariantGroup section */

/* Begin XCBuildConfiguration section */
		2BB2312527E25962001A5FF4 /* Debug */ = {
			isa = XCBuildConfiguration;
			buildSettings = {
				ALWAYS_SEARCH_USER_PATHS = NO;
				CLANG_ANALYZER_LOCALIZABILITY_NONLOCALIZED = YES;
				CLANG_ANALYZER_NONNULL = YES;
				CLANG_ANALYZER_NUMBER_OBJECT_CONVERSION = YES_AGGRESSIVE;
				CLANG_CXX_LANGUAGE_STANDARD = "gnu++17";
				CLANG_CXX_LIBRARY = "libc++";
				CLANG_ENABLE_MODULES = YES;
				CLANG_ENABLE_OBJC_ARC = YES;
				CLANG_ENABLE_OBJC_WEAK = YES;
				CLANG_WARN_BLOCK_CAPTURE_AUTORELEASING = YES;
				CLANG_WARN_BOOL_CONVERSION = YES;
				CLANG_WARN_COMMA = YES;
				CLANG_WARN_CONSTANT_CONVERSION = YES;
				CLANG_WARN_DEPRECATED_OBJC_IMPLEMENTATIONS = YES;
				CLANG_WARN_DIRECT_OBJC_ISA_USAGE = YES_ERROR;
				CLANG_WARN_DOCUMENTATION_COMMENTS = YES;
				CLANG_WARN_EMPTY_BODY = YES;
				CLANG_WARN_ENUM_CONVERSION = YES;
				CLANG_WARN_INFINITE_RECURSION = YES;
				CLANG_WARN_INT_CONVERSION = YES;
				CLANG_WARN_NON_LITERAL_NULL_CONVERSION = YES;
				CLANG_WARN_OBJC_IMPLICIT_RETAIN_SELF = YES;
				CLANG_WARN_OBJC_LITERAL_CONVERSION = YES;
				CLANG_WARN_OBJC_ROOT_CLASS = YES_ERROR;
				CLANG_WARN_QUOTED_INCLUDE_IN_FRAMEWORK_HEADER = YES;
				CLANG_WARN_RANGE_LOOP_ANALYSIS = YES;
				CLANG_WARN_STRICT_PROTOTYPES = YES;
				CLANG_WARN_SUSPICIOUS_MOVE = YES;
				CLANG_WARN_UNGUARDED_AVAILABILITY = YES_AGGRESSIVE;
				CLANG_WARN_UNREACHABLE_CODE = YES;
				CLANG_WARN__DUPLICATE_METHOD_MATCH = YES;
				COPY_PHASE_STRIP = NO;
				DEBUG_INFORMATION_FORMAT = dwarf;
				ENABLE_STRICT_OBJC_MSGSEND = YES;
				ENABLE_TESTABILITY = YES;
				GCC_C_LANGUAGE_STANDARD = gnu11;
				GCC_DYNAMIC_NO_PIC = NO;
				GCC_NO_COMMON_BLOCKS = YES;
				GCC_OPTIMIZATION_LEVEL = 0;
				GCC_PREPROCESSOR_DEFINITIONS = (
					"DEBUG=1",
					"$(inherited)",
				);
				GCC_WARN_64_TO_32_BIT_CONVERSION = YES;
				GCC_WARN_ABOUT_RETURN_TYPE = YES_ERROR;
				GCC_WARN_UNDECLARED_SELECTOR = YES;
				GCC_WARN_UNINITIALIZED_AUTOS = YES_AGGRESSIVE;
				GCC_WARN_UNUSED_FUNCTION = YES;
				GCC_WARN_UNUSED_VARIABLE = YES;
				IPHONEOS_DEPLOYMENT_TARGET = 15.2;
				MTL_ENABLE_DEBUG_INFO = INCLUDE_SOURCE;
				MTL_FAST_MATH = YES;
				ONLY_ACTIVE_ARCH = YES;
				SDKROOT = iphoneos;
				SWIFT_ACTIVE_COMPILATION_CONDITIONS = DEBUG;
				SWIFT_OPTIMIZATION_LEVEL = "-Onone";
			};
			name = Debug;
		};
		2BB2312627E25962001A5FF4 /* Release */ = {
			isa = XCBuildConfiguration;
			buildSettings = {
				ALWAYS_SEARCH_USER_PATHS = NO;
				CLANG_ANALYZER_LOCALIZABILITY_NONLOCALIZED = YES;
				CLANG_ANALYZER_NONNULL = YES;
				CLANG_ANALYZER_NUMBER_OBJECT_CONVERSION = YES_AGGRESSIVE;
				CLANG_CXX_LANGUAGE_STANDARD = "gnu++17";
				CLANG_CXX_LIBRARY = "libc++";
				CLANG_ENABLE_MODULES = YES;
				CLANG_ENABLE_OBJC_ARC = YES;
				CLANG_ENABLE_OBJC_WEAK = YES;
				CLANG_WARN_BLOCK_CAPTURE_AUTORELEASING = YES;
				CLANG_WARN_BOOL_CONVERSION = YES;
				CLANG_WARN_COMMA = YES;
				CLANG_WARN_CONSTANT_CONVERSION = YES;
				CLANG_WARN_DEPRECATED_OBJC_IMPLEMENTATIONS = YES;
				CLANG_WARN_DIRECT_OBJC_ISA_USAGE = YES_ERROR;
				CLANG_WARN_DOCUMENTATION_COMMENTS = YES;
				CLANG_WARN_EMPTY_BODY = YES;
				CLANG_WARN_ENUM_CONVERSION = YES;
				CLANG_WARN_INFINITE_RECURSION = YES;
				CLANG_WARN_INT_CONVERSION = YES;
				CLANG_WARN_NON_LITERAL_NULL_CONVERSION = YES;
				CLANG_WARN_OBJC_IMPLICIT_RETAIN_SELF = YES;
				CLANG_WARN_OBJC_LITERAL_CONVERSION = YES;
				CLANG_WARN_OBJC_ROOT_CLASS = YES_ERROR;
				CLANG_WARN_QUOTED_INCLUDE_IN_FRAMEWORK_HEADER = YES;
				CLANG_WARN_RANGE_LOOP_ANALYSIS = YES;
				CLANG_WARN_STRICT_PROTOTYPES = YES;
				CLANG_WARN_SUSPICIOUS_MOVE = YES;
				CLANG_WARN_UNGUARDED_AVAILABILITY = YES_AGGRESSIVE;
				CLANG_WARN_UNREACHABLE_CODE = YES;
				CLANG_WARN__DUPLICATE_METHOD_MATCH = YES;
				COPY_PHASE_STRIP = NO;
				DEBUG_INFORMATION_FORMAT = "dwarf-with-dsym";
				ENABLE_NS_ASSERTIONS = NO;
				ENABLE_STRICT_OBJC_MSGSEND = YES;
				GCC_C_LANGUAGE_STANDARD = gnu11;
				GCC_NO_COMMON_BLOCKS = YES;
				GCC_WARN_64_TO_32_BIT_CONVERSION = YES;
				GCC_WARN_ABOUT_RETURN_TYPE = YES_ERROR;
				GCC_WARN_UNDECLARED_SELECTOR = YES;
				GCC_WARN_UNINITIALIZED_AUTOS = YES_AGGRESSIVE;
				GCC_WARN_UNUSED_FUNCTION = YES;
				GCC_WARN_UNUSED_VARIABLE = YES;
				IPHONEOS_DEPLOYMENT_TARGET = 15.2;
				MTL_ENABLE_DEBUG_INFO = NO;
				MTL_FAST_MATH = YES;
				SDKROOT = iphoneos;
				SWIFT_COMPILATION_MODE = wholemodule;
				SWIFT_OPTIMIZATION_LEVEL = "-O";
				VALIDATE_PRODUCT = YES;
			};
			name = Release;
		};
		2BB2312827E25962001A5FF4 /* Debug */ = {
			isa = XCBuildConfiguration;
			baseConfigurationReference = 3D097092B5B937C066CA5B4C /* Pods-GitHubFollowers.debug.xcconfig */;
			buildSettings = {
				ASSETCATALOG_COMPILER_APPICON_NAME = AppIcon;
				ASSETCATALOG_COMPILER_GLOBAL_ACCENT_COLOR_NAME = AccentColor;
				CODE_SIGN_STYLE = Automatic;
				CURRENT_PROJECT_VERSION = 1;
				DEVELOPMENT_TEAM = BP2C5R8HZ6;
				GENERATE_INFOPLIST_FILE = YES;
				INFOPLIST_FILE = GitHubFollowers/Info.plist;
				INFOPLIST_KEY_UIApplicationSupportsIndirectInputEvents = YES;
				INFOPLIST_KEY_UILaunchStoryboardName = LaunchScreen;
				INFOPLIST_KEY_UISupportedInterfaceOrientations_iPad = "UIInterfaceOrientationPortrait UIInterfaceOrientationPortraitUpsideDown UIInterfaceOrientationLandscapeLeft UIInterfaceOrientationLandscapeRight";
				INFOPLIST_KEY_UISupportedInterfaceOrientations_iPhone = "UIInterfaceOrientationPortrait UIInterfaceOrientationLandscapeLeft UIInterfaceOrientationLandscapeRight";
				IPHONEOS_DEPLOYMENT_TARGET = 13.0;
				LD_RUNPATH_SEARCH_PATHS = (
					"$(inherited)",
					"@executable_path/Frameworks",
				);
				MARKETING_VERSION = 1.0;
				PRODUCT_BUNDLE_IDENTIFIER = com.lumertz.GitHubFollowers;
				PRODUCT_NAME = "$(TARGET_NAME)";
				SWIFT_EMIT_LOC_STRINGS = YES;
				SWIFT_VERSION = 5.0;
				TARGETED_DEVICE_FAMILY = "1,2";
			};
			name = Debug;
		};
		2BB2312927E25962001A5FF4 /* Release */ = {
			isa = XCBuildConfiguration;
			baseConfigurationReference = 74D1FBD4244EEB6592548AA6 /* Pods-GitHubFollowers.release.xcconfig */;
			buildSettings = {
				ASSETCATALOG_COMPILER_APPICON_NAME = AppIcon;
				ASSETCATALOG_COMPILER_GLOBAL_ACCENT_COLOR_NAME = AccentColor;
				CODE_SIGN_STYLE = Automatic;
				CURRENT_PROJECT_VERSION = 1;
				DEVELOPMENT_TEAM = BP2C5R8HZ6;
				GENERATE_INFOPLIST_FILE = YES;
				INFOPLIST_FILE = GitHubFollowers/Info.plist;
				INFOPLIST_KEY_UIApplicationSupportsIndirectInputEvents = YES;
				INFOPLIST_KEY_UILaunchStoryboardName = LaunchScreen;
				INFOPLIST_KEY_UISupportedInterfaceOrientations_iPad = "UIInterfaceOrientationPortrait UIInterfaceOrientationPortraitUpsideDown UIInterfaceOrientationLandscapeLeft UIInterfaceOrientationLandscapeRight";
				INFOPLIST_KEY_UISupportedInterfaceOrientations_iPhone = "UIInterfaceOrientationPortrait UIInterfaceOrientationLandscapeLeft UIInterfaceOrientationLandscapeRight";
				IPHONEOS_DEPLOYMENT_TARGET = 13.0;
				LD_RUNPATH_SEARCH_PATHS = (
					"$(inherited)",
					"@executable_path/Frameworks",
				);
				MARKETING_VERSION = 1.0;
				PRODUCT_BUNDLE_IDENTIFIER = com.lumertz.GitHubFollowers;
				PRODUCT_NAME = "$(TARGET_NAME)";
				SWIFT_EMIT_LOC_STRINGS = YES;
				SWIFT_VERSION = 5.0;
				TARGETED_DEVICE_FAMILY = "1,2";
			};
			name = Release;
		};
		2BB2312B27E25962001A5FF4 /* Debug */ = {
			isa = XCBuildConfiguration;
			baseConfigurationReference = 9DE6AAA46B6ED8D9F398F81D /* Pods-GitHubFollowersTests.debug.xcconfig */;
			buildSettings = {
				ALWAYS_EMBED_SWIFT_STANDARD_LIBRARIES = YES;
				BUNDLE_LOADER = "$(TEST_HOST)";
				CODE_SIGN_STYLE = Automatic;
				CURRENT_PROJECT_VERSION = 1;
				DEVELOPMENT_TEAM = BP2C5R8HZ6;
				GENERATE_INFOPLIST_FILE = YES;
				IPHONEOS_DEPLOYMENT_TARGET = 15.2;
				MARKETING_VERSION = 1.0;
				PRODUCT_BUNDLE_IDENTIFIER = com.lumertz.GitHubFollowersTests;
				PRODUCT_NAME = "$(TARGET_NAME)";
				SWIFT_EMIT_LOC_STRINGS = NO;
				SWIFT_VERSION = 5.0;
				TARGETED_DEVICE_FAMILY = "1,2";
				TEST_HOST = "$(BUILT_PRODUCTS_DIR)/GitHubFollowers.app/GitHubFollowers";
			};
			name = Debug;
		};
		2BB2312C27E25962001A5FF4 /* Release */ = {
			isa = XCBuildConfiguration;
			baseConfigurationReference = ABC9B08331F0876EDF8F85F0 /* Pods-GitHubFollowersTests.release.xcconfig */;
			buildSettings = {
				ALWAYS_EMBED_SWIFT_STANDARD_LIBRARIES = YES;
				BUNDLE_LOADER = "$(TEST_HOST)";
				CODE_SIGN_STYLE = Automatic;
				CURRENT_PROJECT_VERSION = 1;
				DEVELOPMENT_TEAM = BP2C5R8HZ6;
				GENERATE_INFOPLIST_FILE = YES;
				IPHONEOS_DEPLOYMENT_TARGET = 15.2;
				MARKETING_VERSION = 1.0;
				PRODUCT_BUNDLE_IDENTIFIER = com.lumertz.GitHubFollowersTests;
				PRODUCT_NAME = "$(TARGET_NAME)";
				SWIFT_EMIT_LOC_STRINGS = NO;
				SWIFT_VERSION = 5.0;
				TARGETED_DEVICE_FAMILY = "1,2";
				TEST_HOST = "$(BUILT_PRODUCTS_DIR)/GitHubFollowers.app/GitHubFollowers";
			};
			name = Release;
		};
		2BB2312E27E25962001A5FF4 /* Debug */ = {
			isa = XCBuildConfiguration;
			baseConfigurationReference = AD23FB6655D072B931268508 /* Pods-GitHubFollowers-GitHubFollowersUITests.debug.xcconfig */;
			buildSettings = {
				ALWAYS_EMBED_SWIFT_STANDARD_LIBRARIES = YES;
				CODE_SIGN_STYLE = Automatic;
				CURRENT_PROJECT_VERSION = 1;
				DEVELOPMENT_TEAM = BP2C5R8HZ6;
				GENERATE_INFOPLIST_FILE = YES;
				MARKETING_VERSION = 1.0;
				PRODUCT_BUNDLE_IDENTIFIER = com.lumertz.GitHubFollowersUITests;
				PRODUCT_NAME = "$(TARGET_NAME)";
				SWIFT_EMIT_LOC_STRINGS = NO;
				SWIFT_VERSION = 5.0;
				TARGETED_DEVICE_FAMILY = "1,2";
				TEST_TARGET_NAME = GitHubFollowers;
			};
			name = Debug;
		};
		2BB2312F27E25962001A5FF4 /* Release */ = {
			isa = XCBuildConfiguration;
			baseConfigurationReference = 1B34CC55BB3854E0D3C5C123 /* Pods-GitHubFollowers-GitHubFollowersUITests.release.xcconfig */;
			buildSettings = {
				ALWAYS_EMBED_SWIFT_STANDARD_LIBRARIES = YES;
				CODE_SIGN_STYLE = Automatic;
				CURRENT_PROJECT_VERSION = 1;
				DEVELOPMENT_TEAM = BP2C5R8HZ6;
				GENERATE_INFOPLIST_FILE = YES;
				MARKETING_VERSION = 1.0;
				PRODUCT_BUNDLE_IDENTIFIER = com.lumertz.GitHubFollowersUITests;
				PRODUCT_NAME = "$(TARGET_NAME)";
				SWIFT_EMIT_LOC_STRINGS = NO;
				SWIFT_VERSION = 5.0;
				TARGETED_DEVICE_FAMILY = "1,2";
				TEST_TARGET_NAME = GitHubFollowers;
			};
			name = Release;
		};
/* End XCBuildConfiguration section */

/* Begin XCConfigurationList section */
		2BB230F827E25960001A5FF4 /* Build configuration list for PBXProject "GitHubFollowers" */ = {
			isa = XCConfigurationList;
			buildConfigurations = (
				2BB2312527E25962001A5FF4 /* Debug */,
				2BB2312627E25962001A5FF4 /* Release */,
			);
			defaultConfigurationIsVisible = 0;
			defaultConfigurationName = Release;
		};
		2BB2312727E25962001A5FF4 /* Build configuration list for PBXNativeTarget "GitHubFollowers" */ = {
			isa = XCConfigurationList;
			buildConfigurations = (
				2BB2312827E25962001A5FF4 /* Debug */,
				2BB2312927E25962001A5FF4 /* Release */,
			);
			defaultConfigurationIsVisible = 0;
			defaultConfigurationName = Release;
		};
		2BB2312A27E25962001A5FF4 /* Build configuration list for PBXNativeTarget "GitHubFollowersTests" */ = {
			isa = XCConfigurationList;
			buildConfigurations = (
				2BB2312B27E25962001A5FF4 /* Debug */,
				2BB2312C27E25962001A5FF4 /* Release */,
			);
			defaultConfigurationIsVisible = 0;
			defaultConfigurationName = Release;
		};
		2BB2312D27E25962001A5FF4 /* Build configuration list for PBXNativeTarget "GitHubFollowersUITests" */ = {
			isa = XCConfigurationList;
			buildConfigurations = (
				2BB2312E27E25962001A5FF4 /* Debug */,
				2BB2312F27E25962001A5FF4 /* Release */,
			);
			defaultConfigurationIsVisible = 0;
			defaultConfigurationName = Release;
		};
/* End XCConfigurationList section */

/* Begin XCVersionGroup section */
		2BADD7F027F21AF8009A5D00 /* GitHubFollowers.xcdatamodeld */ = {
			isa = XCVersionGroup;
			children = (
				2BADD7F127F21AF8009A5D00 /* GitHubFollowers.xcdatamodel */,
			);
			currentVersion = 2BADD7F127F21AF8009A5D00 /* GitHubFollowers.xcdatamodel */;
			path = GitHubFollowers.xcdatamodeld;
			sourceTree = "<group>";
			versionGroupType = wrapper.xcdatamodel;
		};
/* End XCVersionGroup section */
	};
	rootObject = 2BB230F527E25960001A5FF4 /* Project object */;
}
